Microsoft Visual Studio Solution File, Format Version 12.00
# Visual Studio Version 17
VisualStudioVersion = 17.2.32210.308
MinimumVisualStudioVersion = 15.0.26124.0

Project("{2150E333-8FDC-42A3-9474-1A3956D46DE8}") = "Source", "Source", "{65099527-97A5-4615-9652-375B3559598C}"
EndProject
Project("{2150E333-8FDC-42A3-9474-1A3956D46DE8}") = "Platforms", "Platforms", "{B8BA95A2-3988-466D-8A4A-94040D14B95D}"
EndProject

Project("{9A19103F-16F7-4668-BE54-9A1E7A4F7556}") = "Resizetizer.Extensions.Sample", "Resizetizer.Extensions.Sample\Resizetizer.Extensions.Sample.csproj", "{DAB6F2CD-E2DF-4C50-8D18-9EB9250ADBE4}"
EndProject
Project("{9A19103F-16F7-4668-BE54-9A1E7A4F7556}") = "Resizetizer.Extensions.Sample.Mobile", "Resizetizer.Extensions.Sample.Mobile\Resizetizer.Extensions.Sample.Mobile.csproj", "{1787DDB2-23B0-4E0F-B976-1743F0E1E52E}"
EndProject
Project("{9A19103F-16F7-4668-BE54-9A1E7A4F7556}") = "Resizetizer.Extensions.Sample.Wasm", "Resizetizer.Extensions.Sample.Wasm\Resizetizer.Extensions.Sample.Wasm.csproj", "{67B6AA75-96AA-4963-A2E8-0AA68EA2F76D}"
EndProject
Project("{9A19103F-16F7-4668-BE54-9A1E7A4F7556}") = "Resizetizer.Extensions.Sample.Skia.Gtk", "Resizetizer.Extensions.Sample.Skia.Gtk\Resizetizer.Extensions.Sample.Skia.Gtk.csproj", "{16765BD9-47AE-444F-80D8-72E9E3D719A1}"
EndProject
Project("{9A19103F-16F7-4668-BE54-9A1E7A4F7556}") = "Resizetizer.Extensions.Sample.Skia.WPF", "Resizetizer.Extensions.Sample.Skia.WPF\Resizetizer.Extensions.Sample.Skia.WPF.csproj", "{D8C39839-0C73-4686-894C-8FF4F79B189E}"
EndProject
Project("{9A19103F-16F7-4668-BE54-9A1E7A4F7556}") = "Resizetizer.Extensions.Sample.Windows", "Resizetizer.Extensions.Sample.Windows\Resizetizer.Extensions.Sample.Windows.csproj", "{EF1D765A-6C1B-4ABF-83E6-5855950F30DA}"
EndProject
Project("{9A19103F-16F7-4668-BE54-9A1E7A4F7556}") = "Resizetizer.Extensions.Sample.Skia.Linux.FrameBuffer", "Resizetizer.Extensions.Sample.Skia.Linux.FrameBuffer\Resizetizer.Extensions.Sample.Skia.Linux.FrameBuffer.csproj", "{A8C226D1-8C21-4234-8C23-5581833E211C}"
EndProject

Project("{2150E333-8FDC-42A3-9474-1A3956D46DE8}") = "Solution Items", "Solution Items", "{BADA71DC-7FFD-4EDC-9F28-FB74AEADC713}"
	ProjectSection(SolutionItems) = preProject
		Directory.Build.props = Directory.Build.props
		Directory.Build.targets = Directory.Build.targets
		global.json = global.json
	EndProjectSection
EndProject
Global
	GlobalSection(SolutionConfigurationPlatforms) = preSolution
		Debug|Any CPU = Debug|Any CPU
		Debug|ARM = Debug|ARM
		Debug|ARM64 = Debug|ARM64
		Debug|iPhone = Debug|iPhone
		Debug|iPhoneSimulator = Debug|iPhoneSimulator
		Debug|x64 = Debug|x64
		Debug|x86 = Debug|x86
		Release|Any CPU = Release|Any CPU
		Release|ARM = Release|ARM
		Release|ARM64 = Release|ARM64
		Release|iPhone = Release|iPhone
		Release|iPhoneSimulator = Release|iPhoneSimulator
		Release|x64 = Release|x64
		Release|x86 = Release|x86
	EndGlobalSection
	GlobalSection(ProjectConfigurationPlatforms) = postSolution
		{1787DDB2-23B0-4E0F-B976-1743F0E1E52E}.Debug|Any CPU.ActiveCfg = Debug|Any CPU
		{1787DDB2-23B0-4E0F-B976-1743F0E1E52E}.Debug|Any CPU.Build.0 = Debug|Any CPU
		{1787DDB2-23B0-4E0F-B976-1743F0E1E52E}.Debug|Any CPU.Deploy.0 = Debug|Any CPU
		{1787DDB2-23B0-4E0F-B976-1743F0E1E52E}.Debug|ARM.ActiveCfg = Debug|Any CPU
		{1787DDB2-23B0-4E0F-B976-1743F0E1E52E}.Debug|ARM.Build.0 = Debug|Any CPU
		{1787DDB2-23B0-4E0F-B976-1743F0E1E52E}.Debug|ARM.Deploy.0 = Debug|Any CPU
		{1787DDB2-23B0-4E0F-B976-1743F0E1E52E}.Debug|ARM64.ActiveCfg = Debug|Any CPU
		{1787DDB2-23B0-4E0F-B976-1743F0E1E52E}.Debug|ARM64.Build.0 = Debug|Any CPU
		{1787DDB2-23B0-4E0F-B976-1743F0E1E52E}.Debug|ARM64.Deploy.0 = Debug|Any CPU
		{1787DDB2-23B0-4E0F-B976-1743F0E1E52E}.Debug|iPhone.ActiveCfg = Debug|Any CPU
		{1787DDB2-23B0-4E0F-B976-1743F0E1E52E}.Debug|iPhone.Build.0 = Debug|Any CPU
		{1787DDB2-23B0-4E0F-B976-1743F0E1E52E}.Debug|iPhone.Deploy.0 = Debug|Any CPU
		{1787DDB2-23B0-4E0F-B976-1743F0E1E52E}.Debug|iPhoneSimulator.ActiveCfg = Debug|Any CPU
		{1787DDB2-23B0-4E0F-B976-1743F0E1E52E}.Debug|iPhoneSimulator.Build.0 = Debug|Any CPU
		{1787DDB2-23B0-4E0F-B976-1743F0E1E52E}.Debug|iPhoneSimulator.Deploy.0 = Debug|Any CPU
		{1787DDB2-23B0-4E0F-B976-1743F0E1E52E}.Debug|x64.ActiveCfg = Debug|Any CPU
		{1787DDB2-23B0-4E0F-B976-1743F0E1E52E}.Debug|x64.Build.0 = Debug|Any CPU
		{1787DDB2-23B0-4E0F-B976-1743F0E1E52E}.Debug|x64.Deploy.0 = Debug|Any CPU
		{1787DDB2-23B0-4E0F-B976-1743F0E1E52E}.Debug|x86.ActiveCfg = Debug|Any CPU
		{1787DDB2-23B0-4E0F-B976-1743F0E1E52E}.Debug|x86.Build.0 = Debug|Any CPU
		{1787DDB2-23B0-4E0F-B976-1743F0E1E52E}.Debug|x86.Deploy.0 = Debug|Any CPU
		{1787DDB2-23B0-4E0F-B976-1743F0E1E52E}.Release|Any CPU.ActiveCfg = Release|Any CPU
		{1787DDB2-23B0-4E0F-B976-1743F0E1E52E}.Release|Any CPU.Build.0 = Release|Any CPU
		{1787DDB2-23B0-4E0F-B976-1743F0E1E52E}.Release|Any CPU.Deploy.0 = Release|Any CPU
		{1787DDB2-23B0-4E0F-B976-1743F0E1E52E}.Release|ARM.ActiveCfg = Release|Any CPU
		{1787DDB2-23B0-4E0F-B976-1743F0E1E52E}.Release|ARM.Build.0 = Release|Any CPU
		{1787DDB2-23B0-4E0F-B976-1743F0E1E52E}.Release|ARM.Deploy.0 = Release|Any CPU
		{1787DDB2-23B0-4E0F-B976-1743F0E1E52E}.Release|ARM64.ActiveCfg = Release|Any CPU
		{1787DDB2-23B0-4E0F-B976-1743F0E1E52E}.Release|ARM64.Build.0 = Release|Any CPU
		{1787DDB2-23B0-4E0F-B976-1743F0E1E52E}.Release|ARM64.Deploy.0 = Release|Any CPU
		{1787DDB2-23B0-4E0F-B976-1743F0E1E52E}.Release|iPhone.ActiveCfg = Release|Any CPU
		{1787DDB2-23B0-4E0F-B976-1743F0E1E52E}.Release|iPhone.Build.0 = Release|Any CPU
		{1787DDB2-23B0-4E0F-B976-1743F0E1E52E}.Release|iPhone.Deploy.0 = Release|Any CPU
		{1787DDB2-23B0-4E0F-B976-1743F0E1E52E}.Release|iPhoneSimulator.ActiveCfg = Release|Any CPU
		{1787DDB2-23B0-4E0F-B976-1743F0E1E52E}.Release|iPhoneSimulator.Build.0 = Release|Any CPU
		{1787DDB2-23B0-4E0F-B976-1743F0E1E52E}.Release|iPhoneSimulator.Deploy.0 = Release|Any CPU
		{1787DDB2-23B0-4E0F-B976-1743F0E1E52E}.Release|x64.ActiveCfg = Release|Any CPU
		{1787DDB2-23B0-4E0F-B976-1743F0E1E52E}.Release|x64.Build.0 = Release|Any CPU
		{1787DDB2-23B0-4E0F-B976-1743F0E1E52E}.Release|x64.Deploy.0 = Release|Any CPU
		{1787DDB2-23B0-4E0F-B976-1743F0E1E52E}.Release|x86.ActiveCfg = Release|Any CPU
		{1787DDB2-23B0-4E0F-B976-1743F0E1E52E}.Release|x86.Build.0 = Release|Any CPU
		{1787DDB2-23B0-4E0F-B976-1743F0E1E52E}.Release|x86.Deploy.0 = Release|Any CPU
		{67B6AA75-96AA-4963-A2E8-0AA68EA2F76D}.Debug|Any CPU.ActiveCfg = Debug|Any CPU
		{67B6AA75-96AA-4963-A2E8-0AA68EA2F76D}.Debug|Any CPU.Build.0 = Debug|Any CPU
		{67B6AA75-96AA-4963-A2E8-0AA68EA2F76D}.Debug|ARM.ActiveCfg = Debug|Any CPU
		{67B6AA75-96AA-4963-A2E8-0AA68EA2F76D}.Debug|ARM.Build.0 = Debug|Any CPU
		{67B6AA75-96AA-4963-A2E8-0AA68EA2F76D}.Debug|ARM64.ActiveCfg = Debug|Any CPU
		{67B6AA75-96AA-4963-A2E8-0AA68EA2F76D}.Debug|ARM64.Build.0 = Debug|Any CPU
		{67B6AA75-96AA-4963-A2E8-0AA68EA2F76D}.Debug|iPhone.ActiveCfg = Debug|Any CPU
		{67B6AA75-96AA-4963-A2E8-0AA68EA2F76D}.Debug|iPhone.Build.0 = Debug|Any CPU
		{67B6AA75-96AA-4963-A2E8-0AA68EA2F76D}.Debug|iPhoneSimulator.ActiveCfg = Debug|Any CPU
		{67B6AA75-96AA-4963-A2E8-0AA68EA2F76D}.Debug|iPhoneSimulator.Build.0 = Debug|Any CPU
		{67B6AA75-96AA-4963-A2E8-0AA68EA2F76D}.Debug|x64.ActiveCfg = Debug|Any CPU
		{67B6AA75-96AA-4963-A2E8-0AA68EA2F76D}.Debug|x64.Build.0 = Debug|Any CPU
		{67B6AA75-96AA-4963-A2E8-0AA68EA2F76D}.Debug|x86.ActiveCfg = Debug|Any CPU
		{67B6AA75-96AA-4963-A2E8-0AA68EA2F76D}.Debug|x86.Build.0 = Debug|Any CPU
		{67B6AA75-96AA-4963-A2E8-0AA68EA2F76D}.Release|Any CPU.ActiveCfg = Release|Any CPU
		{67B6AA75-96AA-4963-A2E8-0AA68EA2F76D}.Release|Any CPU.Build.0 = Release|Any CPU
		{67B6AA75-96AA-4963-A2E8-0AA68EA2F76D}.Release|ARM.ActiveCfg = Release|Any CPU
		{67B6AA75-96AA-4963-A2E8-0AA68EA2F76D}.Release|ARM.Build.0 = Release|Any CPU
		{67B6AA75-96AA-4963-A2E8-0AA68EA2F76D}.Release|ARM64.ActiveCfg = Release|Any CPU
		{67B6AA75-96AA-4963-A2E8-0AA68EA2F76D}.Release|ARM64.Build.0 = Release|Any CPU
		{67B6AA75-96AA-4963-A2E8-0AA68EA2F76D}.Release|iPhone.ActiveCfg = Release|Any CPU
		{67B6AA75-96AA-4963-A2E8-0AA68EA2F76D}.Release|iPhone.Build.0 = Release|Any CPU
		{67B6AA75-96AA-4963-A2E8-0AA68EA2F76D}.Release|iPhoneSimulator.ActiveCfg = Release|Any CPU
		{67B6AA75-96AA-4963-A2E8-0AA68EA2F76D}.Release|iPhoneSimulator.Build.0 = Release|Any CPU
		{67B6AA75-96AA-4963-A2E8-0AA68EA2F76D}.Release|x64.ActiveCfg = Release|Any CPU
		{67B6AA75-96AA-4963-A2E8-0AA68EA2F76D}.Release|x64.Build.0 = Release|Any CPU
		{67B6AA75-96AA-4963-A2E8-0AA68EA2F76D}.Release|x86.ActiveCfg = Release|Any CPU
		{67B6AA75-96AA-4963-A2E8-0AA68EA2F76D}.Release|x86.Build.0 = Release|Any CPU
		{16765BD9-47AE-444F-80D8-72E9E3D719A1}.Debug|Any CPU.ActiveCfg = Debug|Any CPU
		{16765BD9-47AE-444F-80D8-72E9E3D719A1}.Debug|Any CPU.Build.0 = Debug|Any CPU
		{16765BD9-47AE-444F-80D8-72E9E3D719A1}.Debug|ARM.ActiveCfg = Debug|Any CPU
		{16765BD9-47AE-444F-80D8-72E9E3D719A1}.Debug|ARM.Build.0 = Debug|Any CPU
		{16765BD9-47AE-444F-80D8-72E9E3D719A1}.Debug|ARM64.ActiveCfg = Debug|Any CPU
		{16765BD9-47AE-444F-80D8-72E9E3D719A1}.Debug|ARM64.Build.0 = Debug|Any CPU
		{16765BD9-47AE-444F-80D8-72E9E3D719A1}.Debug|iPhone.ActiveCfg = Debug|Any CPU
		{16765BD9-47AE-444F-80D8-72E9E3D719A1}.Debug|iPhone.Build.0 = Debug|Any CPU
		{16765BD9-47AE-444F-80D8-72E9E3D719A1}.Debug|iPhoneSimulator.ActiveCfg = Debug|Any CPU
		{16765BD9-47AE-444F-80D8-72E9E3D719A1}.Debug|iPhoneSimulator.Build.0 = Debug|Any CPU
		{16765BD9-47AE-444F-80D8-72E9E3D719A1}.Debug|x64.ActiveCfg = Debug|Any CPU
		{16765BD9-47AE-444F-80D8-72E9E3D719A1}.Debug|x64.Build.0 = Debug|Any CPU
		{16765BD9-47AE-444F-80D8-72E9E3D719A1}.Debug|x86.ActiveCfg = Debug|Any CPU
		{16765BD9-47AE-444F-80D8-72E9E3D719A1}.Debug|x86.Build.0 = Debug|Any CPU
		{16765BD9-47AE-444F-80D8-72E9E3D719A1}.Release|Any CPU.ActiveCfg = Release|Any CPU
		{16765BD9-47AE-444F-80D8-72E9E3D719A1}.Release|Any CPU.Build.0 = Release|Any CPU
		{16765BD9-47AE-444F-80D8-72E9E3D719A1}.Release|ARM.ActiveCfg = Release|Any CPU
		{16765BD9-47AE-444F-80D8-72E9E3D719A1}.Release|ARM.Build.0 = Release|Any CPU
		{16765BD9-47AE-444F-80D8-72E9E3D719A1}.Release|ARM64.ActiveCfg = Release|Any CPU
		{16765BD9-47AE-444F-80D8-72E9E3D719A1}.Release|ARM64.Build.0 = Release|Any CPU
		{16765BD9-47AE-444F-80D8-72E9E3D719A1}.Release|iPhone.ActiveCfg = Release|Any CPU
		{16765BD9-47AE-444F-80D8-72E9E3D719A1}.Release|iPhone.Build.0 = Release|Any CPU
		{16765BD9-47AE-444F-80D8-72E9E3D719A1}.Release|iPhoneSimulator.ActiveCfg = Release|Any CPU
		{16765BD9-47AE-444F-80D8-72E9E3D719A1}.Release|iPhoneSimulator.Build.0 = Release|Any CPU
		{16765BD9-47AE-444F-80D8-72E9E3D719A1}.Release|x64.ActiveCfg = Release|Any CPU
		{16765BD9-47AE-444F-80D8-72E9E3D719A1}.Release|x64.Build.0 = Release|Any CPU
		{16765BD9-47AE-444F-80D8-72E9E3D719A1}.Release|x86.ActiveCfg = Release|Any CPU
		{16765BD9-47AE-444F-80D8-72E9E3D719A1}.Release|x86.Build.0 = Release|Any CPU
		{D8C39839-0C73-4686-894C-8FF4F79B189E}.Debug|Any CPU.ActiveCfg = Debug|Any CPU
		{D8C39839-0C73-4686-894C-8FF4F79B189E}.Debug|Any CPU.Build.0 = Debug|Any CPU
		{D8C39839-0C73-4686-894C-8FF4F79B189E}.Debug|Any CPU.Deploy.0 = Debug|Any CPU
		{D8C39839-0C73-4686-894C-8FF4F79B189E}.Debug|ARM.ActiveCfg = Debug|Any CPU
		{D8C39839-0C73-4686-894C-8FF4F79B189E}.Debug|ARM.Build.0 = Debug|Any CPU
		{D8C39839-0C73-4686-894C-8FF4F79B189E}.Debug|ARM.Deploy.0 = Debug|Any CPU
		{D8C39839-0C73-4686-894C-8FF4F79B189E}.Debug|ARM64.ActiveCfg = Debug|Any CPU
		{D8C39839-0C73-4686-894C-8FF4F79B189E}.Debug|ARM64.Build.0 = Debug|Any CPU
		{D8C39839-0C73-4686-894C-8FF4F79B189E}.Debug|ARM64.Deploy.0 = Debug|Any CPU
		{D8C39839-0C73-4686-894C-8FF4F79B189E}.Debug|iPhone.ActiveCfg = Debug|Any CPU
		{D8C39839-0C73-4686-894C-8FF4F79B189E}.Debug|iPhone.Build.0 = Debug|Any CPU
		{D8C39839-0C73-4686-894C-8FF4F79B189E}.Debug|iPhone.Deploy.0 = Debug|Any CPU
		{D8C39839-0C73-4686-894C-8FF4F79B189E}.Debug|iPhoneSimulator.ActiveCfg = Debug|Any CPU
		{D8C39839-0C73-4686-894C-8FF4F79B189E}.Debug|iPhoneSimulator.Build.0 = Debug|Any CPU
		{D8C39839-0C73-4686-894C-8FF4F79B189E}.Debug|iPhoneSimulator.Deploy.0 = Debug|Any CPU
		{D8C39839-0C73-4686-894C-8FF4F79B189E}.Debug|x64.ActiveCfg = Debug|Any CPU
		{D8C39839-0C73-4686-894C-8FF4F79B189E}.Debug|x64.Build.0 = Debug|Any CPU
		{D8C39839-0C73-4686-894C-8FF4F79B189E}.Debug|x64.Deploy.0 = Debug|Any CPU
		{D8C39839-0C73-4686-894C-8FF4F79B189E}.Debug|x86.ActiveCfg = Debug|Any CPU
		{D8C39839-0C73-4686-894C-8FF4F79B189E}.Debug|x86.Build.0 = Debug|Any CPU
		{D8C39839-0C73-4686-894C-8FF4F79B189E}.Debug|x86.Deploy.0 = Debug|Any CPU
		{D8C39839-0C73-4686-894C-8FF4F79B189E}.Release|Any CPU.ActiveCfg = Release|Any CPU
		{D8C39839-0C73-4686-894C-8FF4F79B189E}.Release|ARM.ActiveCfg = Release|Any CPU
		{D8C39839-0C73-4686-894C-8FF4F79B189E}.Release|ARM.Build.0 = Release|Any CPU
		{D8C39839-0C73-4686-894C-8FF4F79B189E}.Release|ARM.Deploy.0 = Release|Any CPU
		{D8C39839-0C73-4686-894C-8FF4F79B189E}.Release|ARM64.ActiveCfg = Release|Any CPU
		{D8C39839-0C73-4686-894C-8FF4F79B189E}.Release|ARM64.Build.0 = Release|Any CPU
		{D8C39839-0C73-4686-894C-8FF4F79B189E}.Release|ARM64.Deploy.0 = Release|Any CPU
		{D8C39839-0C73-4686-894C-8FF4F79B189E}.Release|iPhone.ActiveCfg = Release|Any CPU
		{D8C39839-0C73-4686-894C-8FF4F79B189E}.Release|iPhone.Build.0 = Release|Any CPU
		{D8C39839-0C73-4686-894C-8FF4F79B189E}.Release|iPhoneSimulator.ActiveCfg = Release|Any CPU
		{D8C39839-0C73-4686-894C-8FF4F79B189E}.Release|iPhoneSimulator.Build.0 = Release|Any CPU
		{D8C39839-0C73-4686-894C-8FF4F79B189E}.Release|iPhoneSimulator.Deploy.0 = Release|Any CPU
		{D8C39839-0C73-4686-894C-8FF4F79B189E}.Release|x64.ActiveCfg = Release|Any CPU
		{D8C39839-0C73-4686-894C-8FF4F79B189E}.Release|x64.Build.0 = Release|Any CPU
		{D8C39839-0C73-4686-894C-8FF4F79B189E}.Release|x64.Deploy.0 = Release|Any CPU
		{D8C39839-0C73-4686-894C-8FF4F79B189E}.Release|x86.ActiveCfg = Release|Any CPU
		{D8C39839-0C73-4686-894C-8FF4F79B189E}.Release|x86.Build.0 = Release|Any CPU
		{D8C39839-0C73-4686-894C-8FF4F79B189E}.Release|x86.Deploy.0 = Release|Any CPU
		{DAB6F2CD-E2DF-4C50-8D18-9EB9250ADBE4}.Debug|Any CPU.ActiveCfg = Debug|Any CPU
		{DAB6F2CD-E2DF-4C50-8D18-9EB9250ADBE4}.Debug|Any CPU.Build.0 = Debug|Any CPU
		{DAB6F2CD-E2DF-4C50-8D18-9EB9250ADBE4}.Debug|ARM.ActiveCfg = Debug|Any CPU
		{DAB6F2CD-E2DF-4C50-8D18-9EB9250ADBE4}.Debug|ARM.Build.0 = Debug|Any CPU
		{DAB6F2CD-E2DF-4C50-8D18-9EB9250ADBE4}.Debug|ARM64.ActiveCfg = Debug|Any CPU
		{DAB6F2CD-E2DF-4C50-8D18-9EB9250ADBE4}.Debug|ARM64.Build.0 = Debug|Any CPU
		{DAB6F2CD-E2DF-4C50-8D18-9EB9250ADBE4}.Debug|iPhone.ActiveCfg = Debug|Any CPU
		{DAB6F2CD-E2DF-4C50-8D18-9EB9250ADBE4}.Debug|iPhone.Build.0 = Debug|Any CPU
		{DAB6F2CD-E2DF-4C50-8D18-9EB9250ADBE4}.Debug|iPhoneSimulator.ActiveCfg = Debug|Any CPU
		{DAB6F2CD-E2DF-4C50-8D18-9EB9250ADBE4}.Debug|iPhoneSimulator.Build.0 = Debug|Any CPU
		{DAB6F2CD-E2DF-4C50-8D18-9EB9250ADBE4}.Debug|x64.ActiveCfg = Debug|Any CPU
		{DAB6F2CD-E2DF-4C50-8D18-9EB9250ADBE4}.Debug|x64.Build.0 = Debug|Any CPU
		{DAB6F2CD-E2DF-4C50-8D18-9EB9250ADBE4}.Debug|x86.ActiveCfg = Debug|Any CPU
		{DAB6F2CD-E2DF-4C50-8D18-9EB9250ADBE4}.Debug|x86.Build.0 = Debug|Any CPU
		{DAB6F2CD-E2DF-4C50-8D18-9EB9250ADBE4}.Release|Any CPU.ActiveCfg = Release|Any CPU
		{DAB6F2CD-E2DF-4C50-8D18-9EB9250ADBE4}.Release|Any CPU.Build.0 = Release|Any CPU
		{DAB6F2CD-E2DF-4C50-8D18-9EB9250ADBE4}.Release|ARM.ActiveCfg = Release|Any CPU
		{DAB6F2CD-E2DF-4C50-8D18-9EB9250ADBE4}.Release|ARM.Build.0 = Release|Any CPU
		{DAB6F2CD-E2DF-4C50-8D18-9EB9250ADBE4}.Release|ARM64.ActiveCfg = Release|Any CPU
		{DAB6F2CD-E2DF-4C50-8D18-9EB9250ADBE4}.Release|ARM64.Build.0 = Release|Any CPU
		{DAB6F2CD-E2DF-4C50-8D18-9EB9250ADBE4}.Release|iPhone.ActiveCfg = Release|Any CPU
		{DAB6F2CD-E2DF-4C50-8D18-9EB9250ADBE4}.Release|iPhone.Build.0 = Release|Any CPU
		{DAB6F2CD-E2DF-4C50-8D18-9EB9250ADBE4}.Release|iPhoneSimulator.ActiveCfg = Release|Any CPU
		{DAB6F2CD-E2DF-4C50-8D18-9EB9250ADBE4}.Release|iPhoneSimulator.Build.0 = Release|Any CPU
		{DAB6F2CD-E2DF-4C50-8D18-9EB9250ADBE4}.Release|x64.ActiveCfg = Release|Any CPU
		{DAB6F2CD-E2DF-4C50-8D18-9EB9250ADBE4}.Release|x64.Build.0 = Release|Any CPU
		{DAB6F2CD-E2DF-4C50-8D18-9EB9250ADBE4}.Release|x86.ActiveCfg = Release|Any CPU
		{DAB6F2CD-E2DF-4C50-8D18-9EB9250ADBE4}.Release|x86.Build.0 = Release|Any CPU
		{EF1D765A-6C1B-4ABF-83E6-5855950F30DA}.Debug|Any CPU.ActiveCfg = Debug|x64
		{EF1D765A-6C1B-4ABF-83E6-5855950F30DA}.Debug|Any CPU.Build.0 = Debug|x64
		{EF1D765A-6C1B-4ABF-83E6-5855950F30DA}.Debug|Any CPU.Deploy.0 = Debug|x64
		{EF1D765A-6C1B-4ABF-83E6-5855950F30DA}.Debug|ARM.ActiveCfg = Debug|x64
		{EF1D765A-6C1B-4ABF-83E6-5855950F30DA}.Debug|ARM.Build.0 = Debug|x64
		{EF1D765A-6C1B-4ABF-83E6-5855950F30DA}.Debug|ARM.Deploy.0 = Debug|x64
		{EF1D765A-6C1B-4ABF-83E6-5855950F30DA}.Debug|ARM64.ActiveCfg = Debug|arm64
		{EF1D765A-6C1B-4ABF-83E6-5855950F30DA}.Debug|ARM64.Build.0 = Debug|arm64
		{EF1D765A-6C1B-4ABF-83E6-5855950F30DA}.Debug|ARM64.Deploy.0 = Debug|arm64
		{EF1D765A-6C1B-4ABF-83E6-5855950F30DA}.Debug|iPhone.ActiveCfg = Debug|x64
		{EF1D765A-6C1B-4ABF-83E6-5855950F30DA}.Debug|iPhone.Build.0 = Debug|x64
		{EF1D765A-6C1B-4ABF-83E6-5855950F30DA}.Debug|iPhone.Deploy.0 = Debug|x64
		{EF1D765A-6C1B-4ABF-83E6-5855950F30DA}.Debug|iPhoneSimulator.ActiveCfg = Debug|x64
		{EF1D765A-6C1B-4ABF-83E6-5855950F30DA}.Debug|iPhoneSimulator.Build.0 = Debug|x64
		{EF1D765A-6C1B-4ABF-83E6-5855950F30DA}.Debug|iPhoneSimulator.Deploy.0 = Debug|x64
		{EF1D765A-6C1B-4ABF-83E6-5855950F30DA}.Debug|x64.ActiveCfg = Debug|x64
		{EF1D765A-6C1B-4ABF-83E6-5855950F30DA}.Debug|x64.Build.0 = Debug|x64
		{EF1D765A-6C1B-4ABF-83E6-5855950F30DA}.Debug|x86.ActiveCfg = Debug|x86
		{EF1D765A-6C1B-4ABF-83E6-5855950F30DA}.Debug|x86.Build.0 = Debug|x86
		{EF1D765A-6C1B-4ABF-83E6-5855950F30DA}.Release|Any CPU.ActiveCfg = Release|x64
		{EF1D765A-6C1B-4ABF-83E6-5855950F30DA}.Release|Any CPU.Build.0 = Release|x64
		{EF1D765A-6C1B-4ABF-83E6-5855950F30DA}.Release|Any CPU.Deploy.0 = Release|x64
		{EF1D765A-6C1B-4ABF-83E6-5855950F30DA}.Release|ARM.ActiveCfg = Release|x64
		{EF1D765A-6C1B-4ABF-83E6-5855950F30DA}.Release|ARM.Build.0 = Release|x64
		{EF1D765A-6C1B-4ABF-83E6-5855950F30DA}.Release|ARM64.ActiveCfg = Release|arm64
		{EF1D765A-6C1B-4ABF-83E6-5855950F30DA}.Release|ARM64.Build.0 = Release|arm64
		{EF1D765A-6C1B-4ABF-83E6-5855950F30DA}.Release|iPhone.ActiveCfg = Release|x64
		{EF1D765A-6C1B-4ABF-83E6-5855950F30DA}.Release|iPhone.Build.0 = Release|x64
		{EF1D765A-6C1B-4ABF-83E6-5855950F30DA}.Release|iPhoneSimulator.ActiveCfg = Release|x64
		{EF1D765A-6C1B-4ABF-83E6-5855950F30DA}.Release|iPhoneSimulator.Build.0 = Release|x64
		{EF1D765A-6C1B-4ABF-83E6-5855950F30DA}.Release|x64.ActiveCfg = Release|x64
		{EF1D765A-6C1B-4ABF-83E6-5855950F30DA}.Release|x64.Build.0 = Release|x64
		{EF1D765A-6C1B-4ABF-83E6-5855950F30DA}.Release|x86.ActiveCfg = Release|x86
		{EF1D765A-6C1B-4ABF-83E6-5855950F30DA}.Release|x86.Build.0 = Release|x86
		{A8C226D1-8C21-4234-8C23-5581833E211C}.Debug|Any CPU.ActiveCfg = Debug|Any CPU
		{A8C226D1-8C21-4234-8C23-5581833E211C}.Debug|Any CPU.Build.0 = Debug|Any CPU
		{A8C226D1-8C21-4234-8C23-5581833E211C}.Debug|ARM.ActiveCfg = Debug|Any CPU
		{A8C226D1-8C21-4234-8C23-5581833E211C}.Debug|ARM.Build.0 = Debug|Any CPU
		{A8C226D1-8C21-4234-8C23-5581833E211C}.Debug|ARM64.ActiveCfg = Debug|Any CPU
		{A8C226D1-8C21-4234-8C23-5581833E211C}.Debug|ARM64.Build.0 = Debug|Any CPU
		{A8C226D1-8C21-4234-8C23-5581833E211C}.Debug|iPhone.ActiveCfg = Debug|Any CPU
		{A8C226D1-8C21-4234-8C23-5581833E211C}.Debug|iPhone.Build.0 = Debug|Any CPU
		{A8C226D1-8C21-4234-8C23-5581833E211C}.Debug|iPhoneSimulator.ActiveCfg = Debug|Any CPU
		{A8C226D1-8C21-4234-8C23-5581833E211C}.Debug|iPhoneSimulator.Build.0 = Debug|Any CPU
		{A8C226D1-8C21-4234-8C23-5581833E211C}.Debug|x64.ActiveCfg = Debug|Any CPU
		{A8C226D1-8C21-4234-8C23-5581833E211C}.Debug|x64.Build.0 = Debug|Any CPU
		{A8C226D1-8C21-4234-8C23-5581833E211C}.Debug|x86.ActiveCfg = Debug|Any CPU
		{A8C226D1-8C21-4234-8C23-5581833E211C}.Debug|x86.Build.0 = Debug|Any CPU
		{A8C226D1-8C21-4234-8C23-5581833E211C}.Release|Any CPU.ActiveCfg = Release|Any CPU
		{A8C226D1-8C21-4234-8C23-5581833E211C}.Release|Any CPU.Build.0 = Release|Any CPU
		{A8C226D1-8C21-4234-8C23-5581833E211C}.Release|ARM.ActiveCfg = Release|Any CPU
		{A8C226D1-8C21-4234-8C23-5581833E211C}.Release|ARM.Build.0 = Release|Any CPU
		{A8C226D1-8C21-4234-8C23-5581833E211C}.Release|ARM64.ActiveCfg = Release|Any CPU
		{A8C226D1-8C21-4234-8C23-5581833E211C}.Release|ARM64.Build.0 = Release|Any CPU
		{A8C226D1-8C21-4234-8C23-5581833E211C}.Release|iPhone.ActiveCfg = Release|Any CPU
		{A8C226D1-8C21-4234-8C23-5581833E211C}.Release|iPhone.Build.0 = Release|Any CPU
		{A8C226D1-8C21-4234-8C23-5581833E211C}.Release|iPhoneSimulator.ActiveCfg = Release|Any CPU
		{A8C226D1-8C21-4234-8C23-5581833E211C}.Release|iPhoneSimulator.Build.0 = Release|Any CPU
		{A8C226D1-8C21-4234-8C23-5581833E211C}.Release|x64.ActiveCfg = Release|Any CPU
		{A8C226D1-8C21-4234-8C23-5581833E211C}.Release|x64.Build.0 = Release|Any CPU
		{A8C226D1-8C21-4234-8C23-5581833E211C}.Release|x86.ActiveCfg = Release|Any CPU
		{A8C226D1-8C21-4234-8C23-5581833E211C}.Release|x86.Build.0 = Release|Any CPU
	EndGlobalSection
	GlobalSection(SolutionProperties) = preSolution
		HideSolutionNode = FALSE
	EndGlobalSection
	GlobalSection(NestedProjects) = preSolution
		{DAB6F2CD-E2DF-4C50-8D18-9EB9250ADBE4} = {65099527-97A5-4615-9652-375B3559598C}
		{B8BA95A2-3988-466D-8A4A-94040D14B95D} = {65099527-97A5-4615-9652-375B3559598C}
		{1787DDB2-23B0-4E0F-B976-1743F0E1E52E} = {B8BA95A2-3988-466D-8A4A-94040D14B95D}
		{67B6AA75-96AA-4963-A2E8-0AA68EA2F76D} = {B8BA95A2-3988-466D-8A4A-94040D14B95D}
		{16765BD9-47AE-444F-80D8-72E9E3D719A1} = {B8BA95A2-3988-466D-8A4A-94040D14B95D}
		{D8C39839-0C73-4686-894C-8FF4F79B189E} = {B8BA95A2-3988-466D-8A4A-94040D14B95D}
		{EF1D765A-6C1B-4ABF-83E6-5855950F30DA} = {B8BA95A2-3988-466D-8A4A-94040D14B95D}
		{A8C226D1-8C21-4234-8C23-5581833E211C} = {B8BA95A2-3988-466D-8A4A-94040D14B95D}
	EndGlobalSection
	GlobalSection(ExtensibilityGlobals) = postSolution
		SolutionGuid = {BB79F4C2-ACFC-46C7-B2B9-9B981946228F}
	EndGlobalSection
EndGlobal
