Microsoft Visual Studio Solution File, Format Version 12.00
# Visual Studio Version 17
VisualStudioVersion = 17.2.32210.308
MinimumVisualStudioVersion = 15.0.26124.0
Project("{2150E333-8FDC-42A3-9474-1A3956D46DE8}") = "Source", "Source", "{F70894D8-4ABB-46A7-AE86-FCA47834A8A6}"
EndProject
Project("{2150E333-8FDC-42A3-9474-1A3956D46DE8}") = "Platforms", "Platforms", "{E984AA7E-C6E3-4797-81DE-97D5712D1197}"
EndProject
Project("{9A19103F-16F7-4668-BE54-9A1E7A4F7556}") = "Resizetizer.Extensions.Sample", "Resizetizer.Extensions.Sample\Resizetizer.Extensions.Sample.csproj", "{08462C43-D21D-462A-9CC9-6CB01BC32C7C}"
EndProject
Project("{9A19103F-16F7-4668-BE54-9A1E7A4F7556}") = "Resizetizer.Extensions.Sample.Mobile", "Resizetizer.Extensions.Sample.Mobile\Resizetizer.Extensions.Sample.Mobile.csproj", "{03E74FFC-8AFF-4DF3-8BE3-EA2A0FF9F08D}"
EndProject
Project("{9A19103F-16F7-4668-BE54-9A1E7A4F7556}") = "Resizetizer.Extensions.Sample.Wasm", "Resizetizer.Extensions.Sample.Wasm\Resizetizer.Extensions.Sample.Wasm.csproj", "{E399BB3E-50E4-4CA1-8862-E687533628B4}"
EndProject
Project("{9A19103F-16F7-4668-BE54-9A1E7A4F7556}") = "Resizetizer.Extensions.Sample.Skia.Gtk", "Resizetizer.Extensions.Sample.Skia.Gtk\Resizetizer.Extensions.Sample.Skia.Gtk.csproj", "{4C1428D7-6802-4EFC-AFBF-57F5E5E5C566}"
EndProject
Project("{9A19103F-16F7-4668-BE54-9A1E7A4F7556}") = "Resizetizer.Extensions.Sample.Skia.WPF", "Resizetizer.Extensions.Sample.Skia.WPF\Resizetizer.Extensions.Sample.Skia.WPF.csproj", "{32502F5E-7FE9-49CF-9C1E-9BDFAB247AC1}"
EndProject
Project("{9A19103F-16F7-4668-BE54-9A1E7A4F7556}") = "Resizetizer.Extensions.Sample.Windows", "Resizetizer.Extensions.Sample.Windows\Resizetizer.Extensions.Sample.Windows.csproj", "{79FCE754-A524-425B-8615-54E2493FF881}"
EndProject
Project("{9A19103F-16F7-4668-BE54-9A1E7A4F7556}") = "Resizetizer.Extensions.Sample.Skia.Linux.FrameBuffer", "Resizetizer.Extensions.Sample.Skia.Linux.FrameBuffer\Resizetizer.Extensions.Sample.Skia.Linux.FrameBuffer.csproj", "{F32593A8-77A6-4B62-A15F-2D10C10BD53C}"
EndProject
Project("{2150E333-8FDC-42A3-9474-1A3956D46DE8}") = "Solution Items", "Solution Items", "{BADA71DC-7FFD-4EDC-9F28-FB74AEADC713}"
	ProjectSection(SolutionItems) = preProject
		Resizetizer.Extensions.Sample.Base\base.props = Resizetizer.Extensions.Sample.Base\base.props
		Directory.Build.props = Directory.Build.props
		Directory.Build.targets = Directory.Build.targets
		Directory.Packages.props = Directory.Packages.props
	EndProjectSection
EndProject
Project("{9A19103F-16F7-4668-BE54-9A1E7A4F7556}") = "Resizetizer", "..\..\src\Resizetizer\src\Resizetizer.csproj", "{6D3BC015-4BF9-44FA-B3B9-9B44EE13EDA8}"
EndProject
Project("{9A19103F-16F7-4668-BE54-9A1E7A4F7556}") = "Resizetizer.UnitTests", "..\..\src\Resizetizer\test\UnitTests\Resizetizer.UnitTests.csproj", "{86D9B3D6-C327-4E8D-94F9-00E8A9FDDA34}"
EndProject
Global
	GlobalSection(SolutionConfigurationPlatforms) = preSolution
		DEBUG_RESIZETIZER|Any CPU = DEBUG_RESIZETIZER|Any CPU
		DEBUG_RESIZETIZER|ARM = DEBUG_RESIZETIZER|ARM
		DEBUG_RESIZETIZER|ARM64 = DEBUG_RESIZETIZER|ARM64
		DEBUG_RESIZETIZER|iPhone = DEBUG_RESIZETIZER|iPhone
		DEBUG_RESIZETIZER|iPhoneSimulator = DEBUG_RESIZETIZER|iPhoneSimulator
		DEBUG_RESIZETIZER|x64 = DEBUG_RESIZETIZER|x64
		DEBUG_RESIZETIZER|x86 = DEBUG_RESIZETIZER|x86
		Debug|Any CPU = Debug|Any CPU
		Debug|ARM = Debug|ARM
		Debug|ARM64 = Debug|ARM64
		Debug|iPhone = Debug|iPhone
		Debug|iPhoneSimulator = Debug|iPhoneSimulator
		Debug|x64 = Debug|x64
		Debug|x86 = Debug|x86
		Release|Any CPU = Release|Any CPU
		Release|ARM = Release|ARM
		Release|ARM64 = Release|ARM64
		Release|iPhone = Release|iPhone
		Release|iPhoneSimulator = Release|iPhoneSimulator
		Release|x64 = Release|x64
		Release|x86 = Release|x86
	EndGlobalSection
	GlobalSection(ProjectConfigurationPlatforms) = postSolution
		{08462C43-D21D-462A-9CC9-6CB01BC32C7C}.DEBUG_RESIZETIZER|Any CPU.ActiveCfg = Debug|Any CPU
		{08462C43-D21D-462A-9CC9-6CB01BC32C7C}.DEBUG_RESIZETIZER|Any CPU.Build.0 = Debug|Any CPU
		{08462C43-D21D-462A-9CC9-6CB01BC32C7C}.DEBUG_RESIZETIZER|ARM.ActiveCfg = Debug|Any CPU
		{08462C43-D21D-462A-9CC9-6CB01BC32C7C}.DEBUG_RESIZETIZER|ARM.Build.0 = Debug|Any CPU
		{08462C43-D21D-462A-9CC9-6CB01BC32C7C}.DEBUG_RESIZETIZER|ARM64.ActiveCfg = Debug|Any CPU
		{08462C43-D21D-462A-9CC9-6CB01BC32C7C}.DEBUG_RESIZETIZER|ARM64.Build.0 = Debug|Any CPU
		{08462C43-D21D-462A-9CC9-6CB01BC32C7C}.DEBUG_RESIZETIZER|iPhone.ActiveCfg = Debug|Any CPU
		{08462C43-D21D-462A-9CC9-6CB01BC32C7C}.DEBUG_RESIZETIZER|iPhone.Build.0 = Debug|Any CPU
		{08462C43-D21D-462A-9CC9-6CB01BC32C7C}.DEBUG_RESIZETIZER|iPhoneSimulator.ActiveCfg = Debug|Any CPU
		{08462C43-D21D-462A-9CC9-6CB01BC32C7C}.DEBUG_RESIZETIZER|iPhoneSimulator.Build.0 = Debug|Any CPU
		{08462C43-D21D-462A-9CC9-6CB01BC32C7C}.DEBUG_RESIZETIZER|x64.ActiveCfg = Debug|Any CPU
		{08462C43-D21D-462A-9CC9-6CB01BC32C7C}.DEBUG_RESIZETIZER|x64.Build.0 = Debug|Any CPU
		{08462C43-D21D-462A-9CC9-6CB01BC32C7C}.DEBUG_RESIZETIZER|x86.ActiveCfg = Debug|Any CPU
		{08462C43-D21D-462A-9CC9-6CB01BC32C7C}.DEBUG_RESIZETIZER|x86.Build.0 = Debug|Any CPU
		{08462C43-D21D-462A-9CC9-6CB01BC32C7C}.Debug|Any CPU.ActiveCfg = Debug|Any CPU
		{08462C43-D21D-462A-9CC9-6CB01BC32C7C}.Debug|Any CPU.Build.0 = Debug|Any CPU
		{08462C43-D21D-462A-9CC9-6CB01BC32C7C}.Debug|ARM.ActiveCfg = Debug|Any CPU
		{08462C43-D21D-462A-9CC9-6CB01BC32C7C}.Debug|ARM.Build.0 = Debug|Any CPU
		{08462C43-D21D-462A-9CC9-6CB01BC32C7C}.Debug|ARM64.ActiveCfg = Debug|Any CPU
		{08462C43-D21D-462A-9CC9-6CB01BC32C7C}.Debug|ARM64.Build.0 = Debug|Any CPU
		{08462C43-D21D-462A-9CC9-6CB01BC32C7C}.Debug|iPhone.ActiveCfg = Debug|Any CPU
		{08462C43-D21D-462A-9CC9-6CB01BC32C7C}.Debug|iPhone.Build.0 = Debug|Any CPU
		{08462C43-D21D-462A-9CC9-6CB01BC32C7C}.Debug|iPhoneSimulator.ActiveCfg = Debug|Any CPU
		{08462C43-D21D-462A-9CC9-6CB01BC32C7C}.Debug|iPhoneSimulator.Build.0 = Debug|Any CPU
		{08462C43-D21D-462A-9CC9-6CB01BC32C7C}.Debug|x64.ActiveCfg = Debug|Any CPU
		{08462C43-D21D-462A-9CC9-6CB01BC32C7C}.Debug|x64.Build.0 = Debug|Any CPU
		{08462C43-D21D-462A-9CC9-6CB01BC32C7C}.Debug|x86.ActiveCfg = Debug|Any CPU
		{08462C43-D21D-462A-9CC9-6CB01BC32C7C}.Debug|x86.Build.0 = Debug|Any CPU
		{08462C43-D21D-462A-9CC9-6CB01BC32C7C}.Release|Any CPU.ActiveCfg = Release|Any CPU
		{08462C43-D21D-462A-9CC9-6CB01BC32C7C}.Release|Any CPU.Build.0 = Release|Any CPU
		{08462C43-D21D-462A-9CC9-6CB01BC32C7C}.Release|ARM.ActiveCfg = Release|Any CPU
		{08462C43-D21D-462A-9CC9-6CB01BC32C7C}.Release|ARM.Build.0 = Release|Any CPU
		{08462C43-D21D-462A-9CC9-6CB01BC32C7C}.Release|ARM64.ActiveCfg = Release|Any CPU
		{08462C43-D21D-462A-9CC9-6CB01BC32C7C}.Release|ARM64.Build.0 = Release|Any CPU
		{08462C43-D21D-462A-9CC9-6CB01BC32C7C}.Release|iPhone.ActiveCfg = Release|Any CPU
		{08462C43-D21D-462A-9CC9-6CB01BC32C7C}.Release|iPhone.Build.0 = Release|Any CPU
		{08462C43-D21D-462A-9CC9-6CB01BC32C7C}.Release|iPhoneSimulator.ActiveCfg = Release|Any CPU
		{08462C43-D21D-462A-9CC9-6CB01BC32C7C}.Release|iPhoneSimulator.Build.0 = Release|Any CPU
		{08462C43-D21D-462A-9CC9-6CB01BC32C7C}.Release|x64.ActiveCfg = Release|Any CPU
		{08462C43-D21D-462A-9CC9-6CB01BC32C7C}.Release|x64.Build.0 = Release|Any CPU
		{08462C43-D21D-462A-9CC9-6CB01BC32C7C}.Release|x86.ActiveCfg = Release|Any CPU
		{08462C43-D21D-462A-9CC9-6CB01BC32C7C}.Release|x86.Build.0 = Release|Any CPU
		{03E74FFC-8AFF-4DF3-8BE3-EA2A0FF9F08D}.DEBUG_RESIZETIZER|Any CPU.ActiveCfg = Debug|Any CPU
		{03E74FFC-8AFF-4DF3-8BE3-EA2A0FF9F08D}.DEBUG_RESIZETIZER|Any CPU.Build.0 = Debug|Any CPU
		{03E74FFC-8AFF-4DF3-8BE3-EA2A0FF9F08D}.DEBUG_RESIZETIZER|ARM.ActiveCfg = Debug|Any CPU
		{03E74FFC-8AFF-4DF3-8BE3-EA2A0FF9F08D}.DEBUG_RESIZETIZER|ARM.Build.0 = Debug|Any CPU
		{03E74FFC-8AFF-4DF3-8BE3-EA2A0FF9F08D}.DEBUG_RESIZETIZER|ARM64.ActiveCfg = Debug|Any CPU
		{03E74FFC-8AFF-4DF3-8BE3-EA2A0FF9F08D}.DEBUG_RESIZETIZER|ARM64.Build.0 = Debug|Any CPU
		{03E74FFC-8AFF-4DF3-8BE3-EA2A0FF9F08D}.DEBUG_RESIZETIZER|iPhone.ActiveCfg = Debug|Any CPU
		{03E74FFC-8AFF-4DF3-8BE3-EA2A0FF9F08D}.DEBUG_RESIZETIZER|iPhone.Build.0 = Debug|Any CPU
		{03E74FFC-8AFF-4DF3-8BE3-EA2A0FF9F08D}.DEBUG_RESIZETIZER|iPhoneSimulator.ActiveCfg = Debug|Any CPU
		{03E74FFC-8AFF-4DF3-8BE3-EA2A0FF9F08D}.DEBUG_RESIZETIZER|iPhoneSimulator.Build.0 = Debug|Any CPU
		{03E74FFC-8AFF-4DF3-8BE3-EA2A0FF9F08D}.DEBUG_RESIZETIZER|x64.ActiveCfg = Debug|Any CPU
		{03E74FFC-8AFF-4DF3-8BE3-EA2A0FF9F08D}.DEBUG_RESIZETIZER|x64.Build.0 = Debug|Any CPU
		{03E74FFC-8AFF-4DF3-8BE3-EA2A0FF9F08D}.DEBUG_RESIZETIZER|x86.ActiveCfg = Debug|Any CPU
		{03E74FFC-8AFF-4DF3-8BE3-EA2A0FF9F08D}.DEBUG_RESIZETIZER|x86.Build.0 = Debug|Any CPU
		{03E74FFC-8AFF-4DF3-8BE3-EA2A0FF9F08D}.Debug|Any CPU.ActiveCfg = Debug|Any CPU
		{03E74FFC-8AFF-4DF3-8BE3-EA2A0FF9F08D}.Debug|Any CPU.Build.0 = Debug|Any CPU
		{03E74FFC-8AFF-4DF3-8BE3-EA2A0FF9F08D}.Debug|Any CPU.Deploy.0 = Debug|Any CPU
		{03E74FFC-8AFF-4DF3-8BE3-EA2A0FF9F08D}.Debug|ARM.ActiveCfg = Debug|Any CPU
		{03E74FFC-8AFF-4DF3-8BE3-EA2A0FF9F08D}.Debug|ARM.Build.0 = Debug|Any CPU
		{03E74FFC-8AFF-4DF3-8BE3-EA2A0FF9F08D}.Debug|ARM.Deploy.0 = Debug|Any CPU
		{03E74FFC-8AFF-4DF3-8BE3-EA2A0FF9F08D}.Debug|ARM64.ActiveCfg = Debug|Any CPU
		{03E74FFC-8AFF-4DF3-8BE3-EA2A0FF9F08D}.Debug|ARM64.Build.0 = Debug|Any CPU
		{03E74FFC-8AFF-4DF3-8BE3-EA2A0FF9F08D}.Debug|ARM64.Deploy.0 = Debug|Any CPU
		{03E74FFC-8AFF-4DF3-8BE3-EA2A0FF9F08D}.Debug|iPhone.ActiveCfg = Debug|Any CPU
		{03E74FFC-8AFF-4DF3-8BE3-EA2A0FF9F08D}.Debug|iPhone.Build.0 = Debug|Any CPU
		{03E74FFC-8AFF-4DF3-8BE3-EA2A0FF9F08D}.Debug|iPhone.Deploy.0 = Debug|Any CPU
		{03E74FFC-8AFF-4DF3-8BE3-EA2A0FF9F08D}.Debug|iPhoneSimulator.ActiveCfg = Debug|Any CPU
		{03E74FFC-8AFF-4DF3-8BE3-EA2A0FF9F08D}.Debug|iPhoneSimulator.Build.0 = Debug|Any CPU
		{03E74FFC-8AFF-4DF3-8BE3-EA2A0FF9F08D}.Debug|iPhoneSimulator.Deploy.0 = Debug|Any CPU
		{03E74FFC-8AFF-4DF3-8BE3-EA2A0FF9F08D}.Debug|x64.ActiveCfg = Debug|Any CPU
		{03E74FFC-8AFF-4DF3-8BE3-EA2A0FF9F08D}.Debug|x64.Build.0 = Debug|Any CPU
		{03E74FFC-8AFF-4DF3-8BE3-EA2A0FF9F08D}.Debug|x64.Deploy.0 = Debug|Any CPU
		{03E74FFC-8AFF-4DF3-8BE3-EA2A0FF9F08D}.Debug|x86.ActiveCfg = Debug|Any CPU
		{03E74FFC-8AFF-4DF3-8BE3-EA2A0FF9F08D}.Debug|x86.Build.0 = Debug|Any CPU
		{03E74FFC-8AFF-4DF3-8BE3-EA2A0FF9F08D}.Debug|x86.Deploy.0 = Debug|Any CPU
		{03E74FFC-8AFF-4DF3-8BE3-EA2A0FF9F08D}.Release|Any CPU.ActiveCfg = Release|Any CPU
		{03E74FFC-8AFF-4DF3-8BE3-EA2A0FF9F08D}.Release|Any CPU.Build.0 = Release|Any CPU
		{03E74FFC-8AFF-4DF3-8BE3-EA2A0FF9F08D}.Release|Any CPU.Deploy.0 = Release|Any CPU
		{03E74FFC-8AFF-4DF3-8BE3-EA2A0FF9F08D}.Release|ARM.ActiveCfg = Release|Any CPU
		{03E74FFC-8AFF-4DF3-8BE3-EA2A0FF9F08D}.Release|ARM.Build.0 = Release|Any CPU
		{03E74FFC-8AFF-4DF3-8BE3-EA2A0FF9F08D}.Release|ARM.Deploy.0 = Release|Any CPU
		{03E74FFC-8AFF-4DF3-8BE3-EA2A0FF9F08D}.Release|ARM64.ActiveCfg = Release|Any CPU
		{03E74FFC-8AFF-4DF3-8BE3-EA2A0FF9F08D}.Release|ARM64.Build.0 = Release|Any CPU
		{03E74FFC-8AFF-4DF3-8BE3-EA2A0FF9F08D}.Release|ARM64.Deploy.0 = Release|Any CPU
		{03E74FFC-8AFF-4DF3-8BE3-EA2A0FF9F08D}.Release|iPhone.ActiveCfg = Release|Any CPU
		{03E74FFC-8AFF-4DF3-8BE3-EA2A0FF9F08D}.Release|iPhone.Build.0 = Release|Any CPU
		{03E74FFC-8AFF-4DF3-8BE3-EA2A0FF9F08D}.Release|iPhone.Deploy.0 = Release|Any CPU
		{03E74FFC-8AFF-4DF3-8BE3-EA2A0FF9F08D}.Release|iPhoneSimulator.ActiveCfg = Release|Any CPU
		{03E74FFC-8AFF-4DF3-8BE3-EA2A0FF9F08D}.Release|iPhoneSimulator.Build.0 = Release|Any CPU
		{03E74FFC-8AFF-4DF3-8BE3-EA2A0FF9F08D}.Release|iPhoneSimulator.Deploy.0 = Release|Any CPU
		{03E74FFC-8AFF-4DF3-8BE3-EA2A0FF9F08D}.Release|x64.ActiveCfg = Release|Any CPU
		{03E74FFC-8AFF-4DF3-8BE3-EA2A0FF9F08D}.Release|x64.Build.0 = Release|Any CPU
		{03E74FFC-8AFF-4DF3-8BE3-EA2A0FF9F08D}.Release|x64.Deploy.0 = Release|Any CPU
		{03E74FFC-8AFF-4DF3-8BE3-EA2A0FF9F08D}.Release|x86.ActiveCfg = Release|Any CPU
		{03E74FFC-8AFF-4DF3-8BE3-EA2A0FF9F08D}.Release|x86.Build.0 = Release|Any CPU
		{03E74FFC-8AFF-4DF3-8BE3-EA2A0FF9F08D}.Release|x86.Deploy.0 = Release|Any CPU
		{E399BB3E-50E4-4CA1-8862-E687533628B4}.DEBUG_RESIZETIZER|Any CPU.ActiveCfg = Debug|Any CPU
		{E399BB3E-50E4-4CA1-8862-E687533628B4}.DEBUG_RESIZETIZER|Any CPU.Build.0 = Debug|Any CPU
		{E399BB3E-50E4-4CA1-8862-E687533628B4}.DEBUG_RESIZETIZER|ARM.ActiveCfg = Debug|Any CPU
		{E399BB3E-50E4-4CA1-8862-E687533628B4}.DEBUG_RESIZETIZER|ARM.Build.0 = Debug|Any CPU
		{E399BB3E-50E4-4CA1-8862-E687533628B4}.DEBUG_RESIZETIZER|ARM64.ActiveCfg = Debug|Any CPU
		{E399BB3E-50E4-4CA1-8862-E687533628B4}.DEBUG_RESIZETIZER|ARM64.Build.0 = Debug|Any CPU
		{E399BB3E-50E4-4CA1-8862-E687533628B4}.DEBUG_RESIZETIZER|iPhone.ActiveCfg = Debug|Any CPU
		{E399BB3E-50E4-4CA1-8862-E687533628B4}.DEBUG_RESIZETIZER|iPhone.Build.0 = Debug|Any CPU
		{E399BB3E-50E4-4CA1-8862-E687533628B4}.DEBUG_RESIZETIZER|iPhoneSimulator.ActiveCfg = Debug|Any CPU
		{E399BB3E-50E4-4CA1-8862-E687533628B4}.DEBUG_RESIZETIZER|iPhoneSimulator.Build.0 = Debug|Any CPU
		{E399BB3E-50E4-4CA1-8862-E687533628B4}.DEBUG_RESIZETIZER|x64.ActiveCfg = Debug|Any CPU
		{E399BB3E-50E4-4CA1-8862-E687533628B4}.DEBUG_RESIZETIZER|x64.Build.0 = Debug|Any CPU
		{E399BB3E-50E4-4CA1-8862-E687533628B4}.DEBUG_RESIZETIZER|x86.ActiveCfg = Debug|Any CPU
		{E399BB3E-50E4-4CA1-8862-E687533628B4}.DEBUG_RESIZETIZER|x86.Build.0 = Debug|Any CPU
		{E399BB3E-50E4-4CA1-8862-E687533628B4}.Debug|Any CPU.ActiveCfg = Debug|Any CPU
		{E399BB3E-50E4-4CA1-8862-E687533628B4}.Debug|Any CPU.Build.0 = Debug|Any CPU
		{E399BB3E-50E4-4CA1-8862-E687533628B4}.Debug|ARM.ActiveCfg = Debug|Any CPU
		{E399BB3E-50E4-4CA1-8862-E687533628B4}.Debug|ARM.Build.0 = Debug|Any CPU
		{E399BB3E-50E4-4CA1-8862-E687533628B4}.Debug|ARM64.ActiveCfg = Debug|Any CPU
		{E399BB3E-50E4-4CA1-8862-E687533628B4}.Debug|ARM64.Build.0 = Debug|Any CPU
		{E399BB3E-50E4-4CA1-8862-E687533628B4}.Debug|iPhone.ActiveCfg = Debug|Any CPU
		{E399BB3E-50E4-4CA1-8862-E687533628B4}.Debug|iPhone.Build.0 = Debug|Any CPU
		{E399BB3E-50E4-4CA1-8862-E687533628B4}.Debug|iPhoneSimulator.ActiveCfg = Debug|Any CPU
		{E399BB3E-50E4-4CA1-8862-E687533628B4}.Debug|iPhoneSimulator.Build.0 = Debug|Any CPU
		{E399BB3E-50E4-4CA1-8862-E687533628B4}.Debug|x64.ActiveCfg = Debug|Any CPU
		{E399BB3E-50E4-4CA1-8862-E687533628B4}.Debug|x64.Build.0 = Debug|Any CPU
		{E399BB3E-50E4-4CA1-8862-E687533628B4}.Debug|x86.ActiveCfg = Debug|Any CPU
		{E399BB3E-50E4-4CA1-8862-E687533628B4}.Debug|x86.Build.0 = Debug|Any CPU
		{E399BB3E-50E4-4CA1-8862-E687533628B4}.Release|Any CPU.ActiveCfg = Release|Any CPU
		{E399BB3E-50E4-4CA1-8862-E687533628B4}.Release|Any CPU.Build.0 = Release|Any CPU
		{E399BB3E-50E4-4CA1-8862-E687533628B4}.Release|ARM.ActiveCfg = Release|Any CPU
		{E399BB3E-50E4-4CA1-8862-E687533628B4}.Release|ARM.Build.0 = Release|Any CPU
		{E399BB3E-50E4-4CA1-8862-E687533628B4}.Release|ARM64.ActiveCfg = Release|Any CPU
		{E399BB3E-50E4-4CA1-8862-E687533628B4}.Release|ARM64.Build.0 = Release|Any CPU
		{E399BB3E-50E4-4CA1-8862-E687533628B4}.Release|iPhone.ActiveCfg = Release|Any CPU
		{E399BB3E-50E4-4CA1-8862-E687533628B4}.Release|iPhone.Build.0 = Release|Any CPU
		{E399BB3E-50E4-4CA1-8862-E687533628B4}.Release|iPhoneSimulator.ActiveCfg = Release|Any CPU
		{E399BB3E-50E4-4CA1-8862-E687533628B4}.Release|iPhoneSimulator.Build.0 = Release|Any CPU
		{E399BB3E-50E4-4CA1-8862-E687533628B4}.Release|x64.ActiveCfg = Release|Any CPU
		{E399BB3E-50E4-4CA1-8862-E687533628B4}.Release|x64.Build.0 = Release|Any CPU
		{E399BB3E-50E4-4CA1-8862-E687533628B4}.Release|x86.ActiveCfg = Release|Any CPU
		{E399BB3E-50E4-4CA1-8862-E687533628B4}.Release|x86.Build.0 = Release|Any CPU
		{4C1428D7-6802-4EFC-AFBF-57F5E5E5C566}.DEBUG_RESIZETIZER|Any CPU.ActiveCfg = Debug|Any CPU
		{4C1428D7-6802-4EFC-AFBF-57F5E5E5C566}.DEBUG_RESIZETIZER|Any CPU.Build.0 = Debug|Any CPU
		{4C1428D7-6802-4EFC-AFBF-57F5E5E5C566}.DEBUG_RESIZETIZER|ARM.ActiveCfg = Debug|Any CPU
		{4C1428D7-6802-4EFC-AFBF-57F5E5E5C566}.DEBUG_RESIZETIZER|ARM.Build.0 = Debug|Any CPU
		{4C1428D7-6802-4EFC-AFBF-57F5E5E5C566}.DEBUG_RESIZETIZER|ARM64.ActiveCfg = Debug|Any CPU
		{4C1428D7-6802-4EFC-AFBF-57F5E5E5C566}.DEBUG_RESIZETIZER|ARM64.Build.0 = Debug|Any CPU
		{4C1428D7-6802-4EFC-AFBF-57F5E5E5C566}.DEBUG_RESIZETIZER|iPhone.ActiveCfg = Debug|Any CPU
		{4C1428D7-6802-4EFC-AFBF-57F5E5E5C566}.DEBUG_RESIZETIZER|iPhone.Build.0 = Debug|Any CPU
		{4C1428D7-6802-4EFC-AFBF-57F5E5E5C566}.DEBUG_RESIZETIZER|iPhoneSimulator.ActiveCfg = Debug|Any CPU
		{4C1428D7-6802-4EFC-AFBF-57F5E5E5C566}.DEBUG_RESIZETIZER|iPhoneSimulator.Build.0 = Debug|Any CPU
		{4C1428D7-6802-4EFC-AFBF-57F5E5E5C566}.DEBUG_RESIZETIZER|x64.ActiveCfg = Debug|Any CPU
		{4C1428D7-6802-4EFC-AFBF-57F5E5E5C566}.DEBUG_RESIZETIZER|x64.Build.0 = Debug|Any CPU
		{4C1428D7-6802-4EFC-AFBF-57F5E5E5C566}.DEBUG_RESIZETIZER|x86.ActiveCfg = Debug|Any CPU
		{4C1428D7-6802-4EFC-AFBF-57F5E5E5C566}.DEBUG_RESIZETIZER|x86.Build.0 = Debug|Any CPU
		{4C1428D7-6802-4EFC-AFBF-57F5E5E5C566}.Debug|Any CPU.ActiveCfg = Debug|Any CPU
		{4C1428D7-6802-4EFC-AFBF-57F5E5E5C566}.Debug|Any CPU.Build.0 = Debug|Any CPU
		{4C1428D7-6802-4EFC-AFBF-57F5E5E5C566}.Debug|ARM.ActiveCfg = Debug|Any CPU
		{4C1428D7-6802-4EFC-AFBF-57F5E5E5C566}.Debug|ARM.Build.0 = Debug|Any CPU
		{4C1428D7-6802-4EFC-AFBF-57F5E5E5C566}.Debug|ARM64.ActiveCfg = Debug|Any CPU
		{4C1428D7-6802-4EFC-AFBF-57F5E5E5C566}.Debug|ARM64.Build.0 = Debug|Any CPU
		{4C1428D7-6802-4EFC-AFBF-57F5E5E5C566}.Debug|iPhone.ActiveCfg = Debug|Any CPU
		{4C1428D7-6802-4EFC-AFBF-57F5E5E5C566}.Debug|iPhone.Build.0 = Debug|Any CPU
		{4C1428D7-6802-4EFC-AFBF-57F5E5E5C566}.Debug|iPhoneSimulator.ActiveCfg = Debug|Any CPU
		{4C1428D7-6802-4EFC-AFBF-57F5E5E5C566}.Debug|iPhoneSimulator.Build.0 = Debug|Any CPU
		{4C1428D7-6802-4EFC-AFBF-57F5E5E5C566}.Debug|x64.ActiveCfg = Debug|Any CPU
		{4C1428D7-6802-4EFC-AFBF-57F5E5E5C566}.Debug|x64.Build.0 = Debug|Any CPU
		{4C1428D7-6802-4EFC-AFBF-57F5E5E5C566}.Debug|x86.ActiveCfg = Debug|Any CPU
		{4C1428D7-6802-4EFC-AFBF-57F5E5E5C566}.Debug|x86.Build.0 = Debug|Any CPU
		{4C1428D7-6802-4EFC-AFBF-57F5E5E5C566}.Release|Any CPU.ActiveCfg = Release|Any CPU
		{4C1428D7-6802-4EFC-AFBF-57F5E5E5C566}.Release|Any CPU.Build.0 = Release|Any CPU
		{4C1428D7-6802-4EFC-AFBF-57F5E5E5C566}.Release|ARM.ActiveCfg = Release|Any CPU
		{4C1428D7-6802-4EFC-AFBF-57F5E5E5C566}.Release|ARM.Build.0 = Release|Any CPU
		{4C1428D7-6802-4EFC-AFBF-57F5E5E5C566}.Release|ARM64.ActiveCfg = Release|Any CPU
		{4C1428D7-6802-4EFC-AFBF-57F5E5E5C566}.Release|ARM64.Build.0 = Release|Any CPU
		{4C1428D7-6802-4EFC-AFBF-57F5E5E5C566}.Release|iPhone.ActiveCfg = Release|Any CPU
		{4C1428D7-6802-4EFC-AFBF-57F5E5E5C566}.Release|iPhone.Build.0 = Release|Any CPU
		{4C1428D7-6802-4EFC-AFBF-57F5E5E5C566}.Release|iPhoneSimulator.ActiveCfg = Release|Any CPU
		{4C1428D7-6802-4EFC-AFBF-57F5E5E5C566}.Release|iPhoneSimulator.Build.0 = Release|Any CPU
		{4C1428D7-6802-4EFC-AFBF-57F5E5E5C566}.Release|x64.ActiveCfg = Release|Any CPU
		{4C1428D7-6802-4EFC-AFBF-57F5E5E5C566}.Release|x64.Build.0 = Release|Any CPU
		{4C1428D7-6802-4EFC-AFBF-57F5E5E5C566}.Release|x86.ActiveCfg = Release|Any CPU
		{4C1428D7-6802-4EFC-AFBF-57F5E5E5C566}.Release|x86.Build.0 = Release|Any CPU
		{32502F5E-7FE9-49CF-9C1E-9BDFAB247AC1}.DEBUG_RESIZETIZER|Any CPU.ActiveCfg = Debug|Any CPU
		{32502F5E-7FE9-49CF-9C1E-9BDFAB247AC1}.DEBUG_RESIZETIZER|Any CPU.Build.0 = Debug|Any CPU
		{32502F5E-7FE9-49CF-9C1E-9BDFAB247AC1}.DEBUG_RESIZETIZER|ARM.ActiveCfg = Debug|Any CPU
		{32502F5E-7FE9-49CF-9C1E-9BDFAB247AC1}.DEBUG_RESIZETIZER|ARM.Build.0 = Debug|Any CPU
		{32502F5E-7FE9-49CF-9C1E-9BDFAB247AC1}.DEBUG_RESIZETIZER|ARM64.ActiveCfg = Debug|Any CPU
		{32502F5E-7FE9-49CF-9C1E-9BDFAB247AC1}.DEBUG_RESIZETIZER|ARM64.Build.0 = Debug|Any CPU
		{32502F5E-7FE9-49CF-9C1E-9BDFAB247AC1}.DEBUG_RESIZETIZER|iPhone.ActiveCfg = Debug|Any CPU
		{32502F5E-7FE9-49CF-9C1E-9BDFAB247AC1}.DEBUG_RESIZETIZER|iPhone.Build.0 = Debug|Any CPU
		{32502F5E-7FE9-49CF-9C1E-9BDFAB247AC1}.DEBUG_RESIZETIZER|iPhoneSimulator.ActiveCfg = Debug|Any CPU
		{32502F5E-7FE9-49CF-9C1E-9BDFAB247AC1}.DEBUG_RESIZETIZER|iPhoneSimulator.Build.0 = Debug|Any CPU
		{32502F5E-7FE9-49CF-9C1E-9BDFAB247AC1}.DEBUG_RESIZETIZER|x64.ActiveCfg = Debug|Any CPU
		{32502F5E-7FE9-49CF-9C1E-9BDFAB247AC1}.DEBUG_RESIZETIZER|x64.Build.0 = Debug|Any CPU
		{32502F5E-7FE9-49CF-9C1E-9BDFAB247AC1}.DEBUG_RESIZETIZER|x86.ActiveCfg = Debug|Any CPU
		{32502F5E-7FE9-49CF-9C1E-9BDFAB247AC1}.DEBUG_RESIZETIZER|x86.Build.0 = Debug|Any CPU
		{32502F5E-7FE9-49CF-9C1E-9BDFAB247AC1}.Debug|Any CPU.ActiveCfg = Debug|Any CPU
		{32502F5E-7FE9-49CF-9C1E-9BDFAB247AC1}.Debug|Any CPU.Build.0 = Debug|Any CPU
		{32502F5E-7FE9-49CF-9C1E-9BDFAB247AC1}.Debug|Any CPU.Deploy.0 = Debug|Any CPU
		{32502F5E-7FE9-49CF-9C1E-9BDFAB247AC1}.Debug|ARM.ActiveCfg = Debug|Any CPU
		{32502F5E-7FE9-49CF-9C1E-9BDFAB247AC1}.Debug|ARM.Build.0 = Debug|Any CPU
		{32502F5E-7FE9-49CF-9C1E-9BDFAB247AC1}.Debug|ARM.Deploy.0 = Debug|Any CPU
		{32502F5E-7FE9-49CF-9C1E-9BDFAB247AC1}.Debug|ARM64.ActiveCfg = Debug|Any CPU
		{32502F5E-7FE9-49CF-9C1E-9BDFAB247AC1}.Debug|ARM64.Build.0 = Debug|Any CPU
		{32502F5E-7FE9-49CF-9C1E-9BDFAB247AC1}.Debug|ARM64.Deploy.0 = Debug|Any CPU
		{32502F5E-7FE9-49CF-9C1E-9BDFAB247AC1}.Debug|iPhone.ActiveCfg = Debug|Any CPU
		{32502F5E-7FE9-49CF-9C1E-9BDFAB247AC1}.Debug|iPhone.Build.0 = Debug|Any CPU
		{32502F5E-7FE9-49CF-9C1E-9BDFAB247AC1}.Debug|iPhone.Deploy.0 = Debug|Any CPU
		{32502F5E-7FE9-49CF-9C1E-9BDFAB247AC1}.Debug|iPhoneSimulator.ActiveCfg = Debug|Any CPU
		{32502F5E-7FE9-49CF-9C1E-9BDFAB247AC1}.Debug|iPhoneSimulator.Build.0 = Debug|Any CPU
		{32502F5E-7FE9-49CF-9C1E-9BDFAB247AC1}.Debug|iPhoneSimulator.Deploy.0 = Debug|Any CPU
		{32502F5E-7FE9-49CF-9C1E-9BDFAB247AC1}.Debug|x64.ActiveCfg = Debug|Any CPU
		{32502F5E-7FE9-49CF-9C1E-9BDFAB247AC1}.Debug|x64.Build.0 = Debug|Any CPU
		{32502F5E-7FE9-49CF-9C1E-9BDFAB247AC1}.Debug|x64.Deploy.0 = Debug|Any CPU
		{32502F5E-7FE9-49CF-9C1E-9BDFAB247AC1}.Debug|x86.ActiveCfg = Debug|Any CPU
		{32502F5E-7FE9-49CF-9C1E-9BDFAB247AC1}.Debug|x86.Build.0 = Debug|Any CPU
		{32502F5E-7FE9-49CF-9C1E-9BDFAB247AC1}.Debug|x86.Deploy.0 = Debug|Any CPU
		{32502F5E-7FE9-49CF-9C1E-9BDFAB247AC1}.Release|Any CPU.ActiveCfg = Release|Any CPU
		{32502F5E-7FE9-49CF-9C1E-9BDFAB247AC1}.Release|ARM.ActiveCfg = Release|Any CPU
		{32502F5E-7FE9-49CF-9C1E-9BDFAB247AC1}.Release|ARM.Build.0 = Release|Any CPU
		{32502F5E-7FE9-49CF-9C1E-9BDFAB247AC1}.Release|ARM.Deploy.0 = Release|Any CPU
		{32502F5E-7FE9-49CF-9C1E-9BDFAB247AC1}.Release|ARM64.ActiveCfg = Release|Any CPU
		{32502F5E-7FE9-49CF-9C1E-9BDFAB247AC1}.Release|ARM64.Build.0 = Release|Any CPU
		{32502F5E-7FE9-49CF-9C1E-9BDFAB247AC1}.Release|ARM64.Deploy.0 = Release|Any CPU
		{32502F5E-7FE9-49CF-9C1E-9BDFAB247AC1}.Release|iPhone.ActiveCfg = Release|Any CPU
		{32502F5E-7FE9-49CF-9C1E-9BDFAB247AC1}.Release|iPhone.Build.0 = Release|Any CPU
		{32502F5E-7FE9-49CF-9C1E-9BDFAB247AC1}.Release|iPhoneSimulator.ActiveCfg = Release|Any CPU
		{32502F5E-7FE9-49CF-9C1E-9BDFAB247AC1}.Release|iPhoneSimulator.Build.0 = Release|Any CPU
		{32502F5E-7FE9-49CF-9C1E-9BDFAB247AC1}.Release|iPhoneSimulator.Deploy.0 = Release|Any CPU
		{32502F5E-7FE9-49CF-9C1E-9BDFAB247AC1}.Release|x64.ActiveCfg = Release|Any CPU
		{32502F5E-7FE9-49CF-9C1E-9BDFAB247AC1}.Release|x64.Build.0 = Release|Any CPU
		{32502F5E-7FE9-49CF-9C1E-9BDFAB247AC1}.Release|x64.Deploy.0 = Release|Any CPU
		{32502F5E-7FE9-49CF-9C1E-9BDFAB247AC1}.Release|x86.ActiveCfg = Release|Any CPU
		{32502F5E-7FE9-49CF-9C1E-9BDFAB247AC1}.Release|x86.Build.0 = Release|Any CPU
		{32502F5E-7FE9-49CF-9C1E-9BDFAB247AC1}.Release|x86.Deploy.0 = Release|Any CPU
		{79FCE754-A524-425B-8615-54E2493FF881}.DEBUG_RESIZETIZER|Any CPU.ActiveCfg = Debug|x64
		{79FCE754-A524-425B-8615-54E2493FF881}.DEBUG_RESIZETIZER|Any CPU.Build.0 = Debug|x64
		{79FCE754-A524-425B-8615-54E2493FF881}.DEBUG_RESIZETIZER|Any CPU.Deploy.0 = Debug|x64
		{79FCE754-A524-425B-8615-54E2493FF881}.DEBUG_RESIZETIZER|ARM.ActiveCfg = Debug|x64
		{79FCE754-A524-425B-8615-54E2493FF881}.DEBUG_RESIZETIZER|ARM.Build.0 = Debug|x64
		{79FCE754-A524-425B-8615-54E2493FF881}.DEBUG_RESIZETIZER|ARM.Deploy.0 = Debug|x64
		{79FCE754-A524-425B-8615-54E2493FF881}.DEBUG_RESIZETIZER|ARM64.ActiveCfg = Debug|arm64
		{79FCE754-A524-425B-8615-54E2493FF881}.DEBUG_RESIZETIZER|ARM64.Build.0 = Debug|arm64
		{79FCE754-A524-425B-8615-54E2493FF881}.DEBUG_RESIZETIZER|ARM64.Deploy.0 = Debug|arm64
		{79FCE754-A524-425B-8615-54E2493FF881}.DEBUG_RESIZETIZER|iPhone.ActiveCfg = Debug|x64
		{79FCE754-A524-425B-8615-54E2493FF881}.DEBUG_RESIZETIZER|iPhone.Build.0 = Debug|x64
		{79FCE754-A524-425B-8615-54E2493FF881}.DEBUG_RESIZETIZER|iPhone.Deploy.0 = Debug|x64
		{79FCE754-A524-425B-8615-54E2493FF881}.DEBUG_RESIZETIZER|iPhoneSimulator.ActiveCfg = Debug|x64
		{79FCE754-A524-425B-8615-54E2493FF881}.DEBUG_RESIZETIZER|iPhoneSimulator.Build.0 = Debug|x64
		{79FCE754-A524-425B-8615-54E2493FF881}.DEBUG_RESIZETIZER|iPhoneSimulator.Deploy.0 = Debug|x64
		{79FCE754-A524-425B-8615-54E2493FF881}.DEBUG_RESIZETIZER|x64.ActiveCfg = Debug|x64
		{79FCE754-A524-425B-8615-54E2493FF881}.DEBUG_RESIZETIZER|x64.Build.0 = Debug|x64
		{79FCE754-A524-425B-8615-54E2493FF881}.DEBUG_RESIZETIZER|x64.Deploy.0 = Debug|x64
		{79FCE754-A524-425B-8615-54E2493FF881}.DEBUG_RESIZETIZER|x86.ActiveCfg = Debug|x86
		{79FCE754-A524-425B-8615-54E2493FF881}.DEBUG_RESIZETIZER|x86.Build.0 = Debug|x86
		{79FCE754-A524-425B-8615-54E2493FF881}.DEBUG_RESIZETIZER|x86.Deploy.0 = Debug|x86
		{79FCE754-A524-425B-8615-54E2493FF881}.Debug|Any CPU.ActiveCfg = Debug|x64
		{79FCE754-A524-425B-8615-54E2493FF881}.Debug|Any CPU.Build.0 = Debug|x64
		{79FCE754-A524-425B-8615-54E2493FF881}.Debug|Any CPU.Deploy.0 = Debug|x64
		{79FCE754-A524-425B-8615-54E2493FF881}.Debug|ARM.ActiveCfg = Debug|x64
		{79FCE754-A524-425B-8615-54E2493FF881}.Debug|ARM.Build.0 = Debug|x64
		{79FCE754-A524-425B-8615-54E2493FF881}.Debug|ARM.Deploy.0 = Debug|x64
		{79FCE754-A524-425B-8615-54E2493FF881}.Debug|ARM64.ActiveCfg = Debug|arm64
		{79FCE754-A524-425B-8615-54E2493FF881}.Debug|ARM64.Build.0 = Debug|arm64
		{79FCE754-A524-425B-8615-54E2493FF881}.Debug|ARM64.Deploy.0 = Debug|arm64
		{79FCE754-A524-425B-8615-54E2493FF881}.Debug|iPhone.ActiveCfg = Debug|x64
		{79FCE754-A524-425B-8615-54E2493FF881}.Debug|iPhone.Build.0 = Debug|x64
		{79FCE754-A524-425B-8615-54E2493FF881}.Debug|iPhone.Deploy.0 = Debug|x64
		{79FCE754-A524-425B-8615-54E2493FF881}.Debug|iPhoneSimulator.ActiveCfg = Debug|x64
		{79FCE754-A524-425B-8615-54E2493FF881}.Debug|iPhoneSimulator.Build.0 = Debug|x64
		{79FCE754-A524-425B-8615-54E2493FF881}.Debug|iPhoneSimulator.Deploy.0 = Debug|x64
		{79FCE754-A524-425B-8615-54E2493FF881}.Debug|x64.ActiveCfg = Debug|x64
		{79FCE754-A524-425B-8615-54E2493FF881}.Debug|x64.Build.0 = Debug|x64
		{79FCE754-A524-425B-8615-54E2493FF881}.Debug|x86.ActiveCfg = Debug|x86
		{79FCE754-A524-425B-8615-54E2493FF881}.Debug|x86.Build.0 = Debug|x86
		{79FCE754-A524-425B-8615-54E2493FF881}.Release|Any CPU.ActiveCfg = Release|x64
		{79FCE754-A524-425B-8615-54E2493FF881}.Release|Any CPU.Build.0 = Release|x64
		{79FCE754-A524-425B-8615-54E2493FF881}.Release|Any CPU.Deploy.0 = Release|x64
		{79FCE754-A524-425B-8615-54E2493FF881}.Release|ARM.ActiveCfg = Release|x64
		{79FCE754-A524-425B-8615-54E2493FF881}.Release|ARM.Build.0 = Release|x64
		{79FCE754-A524-425B-8615-54E2493FF881}.Release|ARM64.ActiveCfg = Release|arm64
		{79FCE754-A524-425B-8615-54E2493FF881}.Release|ARM64.Build.0 = Release|arm64
		{79FCE754-A524-425B-8615-54E2493FF881}.Release|iPhone.ActiveCfg = Release|x64
		{79FCE754-A524-425B-8615-54E2493FF881}.Release|iPhone.Build.0 = Release|x64
		{79FCE754-A524-425B-8615-54E2493FF881}.Release|iPhoneSimulator.ActiveCfg = Release|x64
		{79FCE754-A524-425B-8615-54E2493FF881}.Release|iPhoneSimulator.Build.0 = Release|x64
		{79FCE754-A524-425B-8615-54E2493FF881}.Release|x64.ActiveCfg = Release|x64
		{79FCE754-A524-425B-8615-54E2493FF881}.Release|x64.Build.0 = Release|x64
		{79FCE754-A524-425B-8615-54E2493FF881}.Release|x86.ActiveCfg = Release|x86
		{79FCE754-A524-425B-8615-54E2493FF881}.Release|x86.Build.0 = Release|x86
		{F32593A8-77A6-4B62-A15F-2D10C10BD53C}.DEBUG_RESIZETIZER|Any CPU.ActiveCfg = Debug|Any CPU
		{F32593A8-77A6-4B62-A15F-2D10C10BD53C}.DEBUG_RESIZETIZER|Any CPU.Build.0 = Debug|Any CPU
		{F32593A8-77A6-4B62-A15F-2D10C10BD53C}.DEBUG_RESIZETIZER|ARM.ActiveCfg = Debug|Any CPU
		{F32593A8-77A6-4B62-A15F-2D10C10BD53C}.DEBUG_RESIZETIZER|ARM.Build.0 = Debug|Any CPU
		{F32593A8-77A6-4B62-A15F-2D10C10BD53C}.DEBUG_RESIZETIZER|ARM64.ActiveCfg = Debug|Any CPU
		{F32593A8-77A6-4B62-A15F-2D10C10BD53C}.DEBUG_RESIZETIZER|ARM64.Build.0 = Debug|Any CPU
		{F32593A8-77A6-4B62-A15F-2D10C10BD53C}.DEBUG_RESIZETIZER|iPhone.ActiveCfg = Debug|Any CPU
		{F32593A8-77A6-4B62-A15F-2D10C10BD53C}.DEBUG_RESIZETIZER|iPhone.Build.0 = Debug|Any CPU
		{F32593A8-77A6-4B62-A15F-2D10C10BD53C}.DEBUG_RESIZETIZER|iPhoneSimulator.ActiveCfg = Debug|Any CPU
		{F32593A8-77A6-4B62-A15F-2D10C10BD53C}.DEBUG_RESIZETIZER|iPhoneSimulator.Build.0 = Debug|Any CPU
		{F32593A8-77A6-4B62-A15F-2D10C10BD53C}.DEBUG_RESIZETIZER|x64.ActiveCfg = Debug|Any CPU
		{F32593A8-77A6-4B62-A15F-2D10C10BD53C}.DEBUG_RESIZETIZER|x64.Build.0 = Debug|Any CPU
		{F32593A8-77A6-4B62-A15F-2D10C10BD53C}.DEBUG_RESIZETIZER|x86.ActiveCfg = Debug|Any CPU
		{F32593A8-77A6-4B62-A15F-2D10C10BD53C}.DEBUG_RESIZETIZER|x86.Build.0 = Debug|Any CPU
		{F32593A8-77A6-4B62-A15F-2D10C10BD53C}.Debug|Any CPU.ActiveCfg = Debug|Any CPU
		{F32593A8-77A6-4B62-A15F-2D10C10BD53C}.Debug|Any CPU.Build.0 = Debug|Any CPU
		{F32593A8-77A6-4B62-A15F-2D10C10BD53C}.Debug|ARM.ActiveCfg = Debug|Any CPU
		{F32593A8-77A6-4B62-A15F-2D10C10BD53C}.Debug|ARM.Build.0 = Debug|Any CPU
		{F32593A8-77A6-4B62-A15F-2D10C10BD53C}.Debug|ARM64.ActiveCfg = Debug|Any CPU
		{F32593A8-77A6-4B62-A15F-2D10C10BD53C}.Debug|ARM64.Build.0 = Debug|Any CPU
		{F32593A8-77A6-4B62-A15F-2D10C10BD53C}.Debug|iPhone.ActiveCfg = Debug|Any CPU
		{F32593A8-77A6-4B62-A15F-2D10C10BD53C}.Debug|iPhone.Build.0 = Debug|Any CPU
		{F32593A8-77A6-4B62-A15F-2D10C10BD53C}.Debug|iPhoneSimulator.ActiveCfg = Debug|Any CPU
		{F32593A8-77A6-4B62-A15F-2D10C10BD53C}.Debug|iPhoneSimulator.Build.0 = Debug|Any CPU
		{F32593A8-77A6-4B62-A15F-2D10C10BD53C}.Debug|x64.ActiveCfg = Debug|Any CPU
		{F32593A8-77A6-4B62-A15F-2D10C10BD53C}.Debug|x64.Build.0 = Debug|Any CPU
		{F32593A8-77A6-4B62-A15F-2D10C10BD53C}.Debug|x86.ActiveCfg = Debug|Any CPU
		{F32593A8-77A6-4B62-A15F-2D10C10BD53C}.Debug|x86.Build.0 = Debug|Any CPU
		{F32593A8-77A6-4B62-A15F-2D10C10BD53C}.Release|Any CPU.ActiveCfg = Release|Any CPU
		{F32593A8-77A6-4B62-A15F-2D10C10BD53C}.Release|Any CPU.Build.0 = Release|Any CPU
		{F32593A8-77A6-4B62-A15F-2D10C10BD53C}.Release|ARM.ActiveCfg = Release|Any CPU
		{F32593A8-77A6-4B62-A15F-2D10C10BD53C}.Release|ARM.Build.0 = Release|Any CPU
		{F32593A8-77A6-4B62-A15F-2D10C10BD53C}.Release|ARM64.ActiveCfg = Release|Any CPU
		{F32593A8-77A6-4B62-A15F-2D10C10BD53C}.Release|ARM64.Build.0 = Release|Any CPU
		{F32593A8-77A6-4B62-A15F-2D10C10BD53C}.Release|iPhone.ActiveCfg = Release|Any CPU
		{F32593A8-77A6-4B62-A15F-2D10C10BD53C}.Release|iPhone.Build.0 = Release|Any CPU
		{F32593A8-77A6-4B62-A15F-2D10C10BD53C}.Release|iPhoneSimulator.ActiveCfg = Release|Any CPU
		{F32593A8-77A6-4B62-A15F-2D10C10BD53C}.Release|iPhoneSimulator.Build.0 = Release|Any CPU
		{F32593A8-77A6-4B62-A15F-2D10C10BD53C}.Release|x64.ActiveCfg = Release|Any CPU
		{F32593A8-77A6-4B62-A15F-2D10C10BD53C}.Release|x64.Build.0 = Release|Any CPU
		{F32593A8-77A6-4B62-A15F-2D10C10BD53C}.Release|x86.ActiveCfg = Release|Any CPU
		{F32593A8-77A6-4B62-A15F-2D10C10BD53C}.Release|x86.Build.0 = Release|Any CPU
		{6D3BC015-4BF9-44FA-B3B9-9B44EE13EDA8}.DEBUG_RESIZETIZER|Any CPU.ActiveCfg = DEBUG_RESIZETIZER|Any CPU
		{6D3BC015-4BF9-44FA-B3B9-9B44EE13EDA8}.DEBUG_RESIZETIZER|Any CPU.Build.0 = DEBUG_RESIZETIZER|Any CPU
		{6D3BC015-4BF9-44FA-B3B9-9B44EE13EDA8}.DEBUG_RESIZETIZER|ARM.ActiveCfg = DEBUG_RESIZETIZER|Any CPU
		{6D3BC015-4BF9-44FA-B3B9-9B44EE13EDA8}.DEBUG_RESIZETIZER|ARM.Build.0 = DEBUG_RESIZETIZER|Any CPU
		{6D3BC015-4BF9-44FA-B3B9-9B44EE13EDA8}.DEBUG_RESIZETIZER|ARM64.ActiveCfg = DEBUG_RESIZETIZER|Any CPU
		{6D3BC015-4BF9-44FA-B3B9-9B44EE13EDA8}.DEBUG_RESIZETIZER|ARM64.Build.0 = DEBUG_RESIZETIZER|Any CPU
		{6D3BC015-4BF9-44FA-B3B9-9B44EE13EDA8}.DEBUG_RESIZETIZER|iPhone.ActiveCfg = DEBUG_RESIZETIZER|Any CPU
		{6D3BC015-4BF9-44FA-B3B9-9B44EE13EDA8}.DEBUG_RESIZETIZER|iPhone.Build.0 = DEBUG_RESIZETIZER|Any CPU
		{6D3BC015-4BF9-44FA-B3B9-9B44EE13EDA8}.DEBUG_RESIZETIZER|iPhoneSimulator.ActiveCfg = DEBUG_RESIZETIZER|Any CPU
		{6D3BC015-4BF9-44FA-B3B9-9B44EE13EDA8}.DEBUG_RESIZETIZER|iPhoneSimulator.Build.0 = DEBUG_RESIZETIZER|Any CPU
		{6D3BC015-4BF9-44FA-B3B9-9B44EE13EDA8}.DEBUG_RESIZETIZER|x64.ActiveCfg = DEBUG_RESIZETIZER|Any CPU
		{6D3BC015-4BF9-44FA-B3B9-9B44EE13EDA8}.DEBUG_RESIZETIZER|x64.Build.0 = DEBUG_RESIZETIZER|Any CPU
		{6D3BC015-4BF9-44FA-B3B9-9B44EE13EDA8}.DEBUG_RESIZETIZER|x86.ActiveCfg = DEBUG_RESIZETIZER|Any CPU
		{6D3BC015-4BF9-44FA-B3B9-9B44EE13EDA8}.DEBUG_RESIZETIZER|x86.Build.0 = DEBUG_RESIZETIZER|Any CPU
		{6D3BC015-4BF9-44FA-B3B9-9B44EE13EDA8}.Debug|Any CPU.ActiveCfg = Debug|Any CPU
		{6D3BC015-4BF9-44FA-B3B9-9B44EE13EDA8}.Debug|Any CPU.Build.0 = Debug|Any CPU
		{6D3BC015-4BF9-44FA-B3B9-9B44EE13EDA8}.Debug|ARM.ActiveCfg = Debug|Any CPU
		{6D3BC015-4BF9-44FA-B3B9-9B44EE13EDA8}.Debug|ARM.Build.0 = Debug|Any CPU
		{6D3BC015-4BF9-44FA-B3B9-9B44EE13EDA8}.Debug|ARM64.ActiveCfg = Debug|Any CPU
		{6D3BC015-4BF9-44FA-B3B9-9B44EE13EDA8}.Debug|ARM64.Build.0 = Debug|Any CPU
		{6D3BC015-4BF9-44FA-B3B9-9B44EE13EDA8}.Debug|iPhone.ActiveCfg = Debug|Any CPU
		{6D3BC015-4BF9-44FA-B3B9-9B44EE13EDA8}.Debug|iPhone.Build.0 = Debug|Any CPU
		{6D3BC015-4BF9-44FA-B3B9-9B44EE13EDA8}.Debug|iPhoneSimulator.ActiveCfg = Debug|Any CPU
		{6D3BC015-4BF9-44FA-B3B9-9B44EE13EDA8}.Debug|iPhoneSimulator.Build.0 = Debug|Any CPU
		{6D3BC015-4BF9-44FA-B3B9-9B44EE13EDA8}.Debug|x64.ActiveCfg = Debug|Any CPU
		{6D3BC015-4BF9-44FA-B3B9-9B44EE13EDA8}.Debug|x64.Build.0 = Debug|Any CPU
		{6D3BC015-4BF9-44FA-B3B9-9B44EE13EDA8}.Debug|x86.ActiveCfg = Debug|Any CPU
		{6D3BC015-4BF9-44FA-B3B9-9B44EE13EDA8}.Debug|x86.Build.0 = Debug|Any CPU
		{6D3BC015-4BF9-44FA-B3B9-9B44EE13EDA8}.Release|Any CPU.ActiveCfg = Release|Any CPU
		{6D3BC015-4BF9-44FA-B3B9-9B44EE13EDA8}.Release|Any CPU.Build.0 = Release|Any CPU
		{6D3BC015-4BF9-44FA-B3B9-9B44EE13EDA8}.Release|ARM.ActiveCfg = Release|Any CPU
		{6D3BC015-4BF9-44FA-B3B9-9B44EE13EDA8}.Release|ARM.Build.0 = Release|Any CPU
		{6D3BC015-4BF9-44FA-B3B9-9B44EE13EDA8}.Release|ARM64.ActiveCfg = Release|Any CPU
		{6D3BC015-4BF9-44FA-B3B9-9B44EE13EDA8}.Release|ARM64.Build.0 = Release|Any CPU
		{6D3BC015-4BF9-44FA-B3B9-9B44EE13EDA8}.Release|iPhone.ActiveCfg = Release|Any CPU
		{6D3BC015-4BF9-44FA-B3B9-9B44EE13EDA8}.Release|iPhone.Build.0 = Release|Any CPU
		{6D3BC015-4BF9-44FA-B3B9-9B44EE13EDA8}.Release|iPhoneSimulator.ActiveCfg = Release|Any CPU
		{6D3BC015-4BF9-44FA-B3B9-9B44EE13EDA8}.Release|iPhoneSimulator.Build.0 = Release|Any CPU
		{6D3BC015-4BF9-44FA-B3B9-9B44EE13EDA8}.Release|x64.ActiveCfg = Release|Any CPU
		{6D3BC015-4BF9-44FA-B3B9-9B44EE13EDA8}.Release|x64.Build.0 = Release|Any CPU
		{6D3BC015-4BF9-44FA-B3B9-9B44EE13EDA8}.Release|x86.ActiveCfg = Release|Any CPU
		{6D3BC015-4BF9-44FA-B3B9-9B44EE13EDA8}.Release|x86.Build.0 = Release|Any CPU
		{86D9B3D6-C327-4E8D-94F9-00E8A9FDDA34}.DEBUG_RESIZETIZER|Any CPU.ActiveCfg = DEBUG_RESIZETIZER|Any CPU
		{86D9B3D6-C327-4E8D-94F9-00E8A9FDDA34}.DEBUG_RESIZETIZER|Any CPU.Build.0 = DEBUG_RESIZETIZER|Any CPU
		{86D9B3D6-C327-4E8D-94F9-00E8A9FDDA34}.DEBUG_RESIZETIZER|ARM.ActiveCfg = DEBUG_RESIZETIZER|Any CPU
		{86D9B3D6-C327-4E8D-94F9-00E8A9FDDA34}.DEBUG_RESIZETIZER|ARM.Build.0 = DEBUG_RESIZETIZER|Any CPU
		{86D9B3D6-C327-4E8D-94F9-00E8A9FDDA34}.DEBUG_RESIZETIZER|ARM64.ActiveCfg = DEBUG_RESIZETIZER|Any CPU
		{86D9B3D6-C327-4E8D-94F9-00E8A9FDDA34}.DEBUG_RESIZETIZER|ARM64.Build.0 = DEBUG_RESIZETIZER|Any CPU
		{86D9B3D6-C327-4E8D-94F9-00E8A9FDDA34}.DEBUG_RESIZETIZER|iPhone.ActiveCfg = DEBUG_RESIZETIZER|Any CPU
		{86D9B3D6-C327-4E8D-94F9-00E8A9FDDA34}.DEBUG_RESIZETIZER|iPhone.Build.0 = DEBUG_RESIZETIZER|Any CPU
		{86D9B3D6-C327-4E8D-94F9-00E8A9FDDA34}.DEBUG_RESIZETIZER|iPhoneSimulator.ActiveCfg = DEBUG_RESIZETIZER|Any CPU
		{86D9B3D6-C327-4E8D-94F9-00E8A9FDDA34}.DEBUG_RESIZETIZER|iPhoneSimulator.Build.0 = DEBUG_RESIZETIZER|Any CPU
		{86D9B3D6-C327-4E8D-94F9-00E8A9FDDA34}.DEBUG_RESIZETIZER|x64.ActiveCfg = DEBUG_RESIZETIZER|Any CPU
		{86D9B3D6-C327-4E8D-94F9-00E8A9FDDA34}.DEBUG_RESIZETIZER|x64.Build.0 = DEBUG_RESIZETIZER|Any CPU
		{86D9B3D6-C327-4E8D-94F9-00E8A9FDDA34}.DEBUG_RESIZETIZER|x86.ActiveCfg = DEBUG_RESIZETIZER|Any CPU
		{86D9B3D6-C327-4E8D-94F9-00E8A9FDDA34}.DEBUG_RESIZETIZER|x86.Build.0 = DEBUG_RESIZETIZER|Any CPU
		{86D9B3D6-C327-4E8D-94F9-00E8A9FDDA34}.Debug|Any CPU.ActiveCfg = Debug|Any CPU
		{86D9B3D6-C327-4E8D-94F9-00E8A9FDDA34}.Debug|Any CPU.Build.0 = Debug|Any CPU
		{86D9B3D6-C327-4E8D-94F9-00E8A9FDDA34}.Debug|ARM.ActiveCfg = Debug|Any CPU
		{86D9B3D6-C327-4E8D-94F9-00E8A9FDDA34}.Debug|ARM.Build.0 = Debug|Any CPU
		{86D9B3D6-C327-4E8D-94F9-00E8A9FDDA34}.Debug|ARM64.ActiveCfg = Debug|Any CPU
		{86D9B3D6-C327-4E8D-94F9-00E8A9FDDA34}.Debug|ARM64.Build.0 = Debug|Any CPU
		{86D9B3D6-C327-4E8D-94F9-00E8A9FDDA34}.Debug|iPhone.ActiveCfg = Debug|Any CPU
		{86D9B3D6-C327-4E8D-94F9-00E8A9FDDA34}.Debug|iPhone.Build.0 = Debug|Any CPU
		{86D9B3D6-C327-4E8D-94F9-00E8A9FDDA34}.Debug|iPhoneSimulator.ActiveCfg = Debug|Any CPU
		{86D9B3D6-C327-4E8D-94F9-00E8A9FDDA34}.Debug|iPhoneSimulator.Build.0 = Debug|Any CPU
		{86D9B3D6-C327-4E8D-94F9-00E8A9FDDA34}.Debug|x64.ActiveCfg = Debug|Any CPU
		{86D9B3D6-C327-4E8D-94F9-00E8A9FDDA34}.Debug|x64.Build.0 = Debug|Any CPU
		{86D9B3D6-C327-4E8D-94F9-00E8A9FDDA34}.Debug|x86.ActiveCfg = Debug|Any CPU
		{86D9B3D6-C327-4E8D-94F9-00E8A9FDDA34}.Debug|x86.Build.0 = Debug|Any CPU
		{86D9B3D6-C327-4E8D-94F9-00E8A9FDDA34}.Release|Any CPU.ActiveCfg = Release|Any CPU
		{86D9B3D6-C327-4E8D-94F9-00E8A9FDDA34}.Release|Any CPU.Build.0 = Release|Any CPU
		{86D9B3D6-C327-4E8D-94F9-00E8A9FDDA34}.Release|ARM.ActiveCfg = Release|Any CPU
		{86D9B3D6-C327-4E8D-94F9-00E8A9FDDA34}.Release|ARM.Build.0 = Release|Any CPU
		{86D9B3D6-C327-4E8D-94F9-00E8A9FDDA34}.Release|ARM64.ActiveCfg = Release|Any CPU
		{86D9B3D6-C327-4E8D-94F9-00E8A9FDDA34}.Release|ARM64.Build.0 = Release|Any CPU
		{86D9B3D6-C327-4E8D-94F9-00E8A9FDDA34}.Release|iPhone.ActiveCfg = Release|Any CPU
		{86D9B3D6-C327-4E8D-94F9-00E8A9FDDA34}.Release|iPhone.Build.0 = Release|Any CPU
		{86D9B3D6-C327-4E8D-94F9-00E8A9FDDA34}.Release|iPhoneSimulator.ActiveCfg = Release|Any CPU
		{86D9B3D6-C327-4E8D-94F9-00E8A9FDDA34}.Release|iPhoneSimulator.Build.0 = Release|Any CPU
		{86D9B3D6-C327-4E8D-94F9-00E8A9FDDA34}.Release|x64.ActiveCfg = Release|Any CPU
		{86D9B3D6-C327-4E8D-94F9-00E8A9FDDA34}.Release|x64.Build.0 = Release|Any CPU
		{86D9B3D6-C327-4E8D-94F9-00E8A9FDDA34}.Release|x86.ActiveCfg = Release|Any CPU
		{86D9B3D6-C327-4E8D-94F9-00E8A9FDDA34}.Release|x86.Build.0 = Release|Any CPU
	EndGlobalSection
	GlobalSection(SolutionProperties) = preSolution
		HideSolutionNode = FALSE
	EndGlobalSection
	GlobalSection(NestedProjects) = preSolution
		{E984AA7E-C6E3-4797-81DE-97D5712D1197} = {F70894D8-4ABB-46A7-AE86-FCA47834A8A6}
		{08462C43-D21D-462A-9CC9-6CB01BC32C7C} = {F70894D8-4ABB-46A7-AE86-FCA47834A8A6}
		{03E74FFC-8AFF-4DF3-8BE3-EA2A0FF9F08D} = {E984AA7E-C6E3-4797-81DE-97D5712D1197}
		{E399BB3E-50E4-4CA1-8862-E687533628B4} = {E984AA7E-C6E3-4797-81DE-97D5712D1197}
		{4C1428D7-6802-4EFC-AFBF-57F5E5E5C566} = {E984AA7E-C6E3-4797-81DE-97D5712D1197}
		{32502F5E-7FE9-49CF-9C1E-9BDFAB247AC1} = {E984AA7E-C6E3-4797-81DE-97D5712D1197}
		{79FCE754-A524-425B-8615-54E2493FF881} = {E984AA7E-C6E3-4797-81DE-97D5712D1197}
		{F32593A8-77A6-4B62-A15F-2D10C10BD53C} = {E984AA7E-C6E3-4797-81DE-97D5712D1197}
	EndGlobalSection
	GlobalSection(ExtensibilityGlobals) = postSolution
		SolutionGuid = {6D20673E-0094-4967-B2E7-BA1FC4C41C73}
	EndGlobalSection
EndGlobal
